// !$*UTF8*$!
{
	archiveVersion = 1;
	classes = {
	};
	objectVersion = 46;
	objects = {

/* Begin PBXBuildFile section */
		01927CDD045C8EB4C8717513 /* adsr.cpp */ = {isa = PBXBuildFile; fileRef = 3EDBDC7A46A8A78C08953943; };
		01A37870316A62D50D0EB536 /* include_juce_audio_utils.mm */ = {isa = PBXBuildFile; fileRef = CA4E7BBF589A0D0CFB10EAF4; };
		03B3D2EA01F11F30DBE0C91B /* include_juce_audio_processors_ara.cpp */ = {isa = PBXBuildFile; fileRef = 885CBA1D9F0C3DA34AFC006A; };
		052A6B6BE7061F87EA50A750 /* ladder.cpp */ = {isa = PBXBuildFile; fileRef = 036AAB8FDD000E4EF0E490DE; };
		07701C195496A5FA90895BD5 /* resonator.cpp */ = {isa = PBXBuildFile; fileRef = D6F9D956C56BE0EF4DDF317B; };
		07ADBC41406017B0AAA70C5C /* granularplayer.cpp */ = {isa = PBXBuildFile; fileRef = BE433FBD1BD8E6541E64D096; };
		0F8731CBC18BBF645AB5E4F4 /* Metal.framework */ = {isa = PBXBuildFile; fileRef = 5852EACDFBC7B930F0AEEE8E; settings = { ATTRIBUTES = (Weak, ); }; };
		0FB144C16230168119C609BE /* SmoothValue.cpp */ = {isa = PBXBuildFile; fileRef = 7D98F05CFB6061D618F279C1; };
		16743DF3C6631F8F30374252 /* tremolo.cpp */ = {isa = PBXBuildFile; fileRef = 656F8496843F6800172A5859; };
		177939BB36AF356127E7BC94 /* overdrive.cpp */ = {isa = PBXBuildFile; fileRef = 89F10542C0A4F32147F2B7CD; };
		1A279B03DD5D00CF6974A0CA /* PolyFMCore.cpp */ = {isa = PBXBuildFile; fileRef = 7A76783C4603255297B678D8; };
		1FB5C483A6E1E230B773DEEF /* synthbassdrum.cpp */ = {isa = PBXBuildFile; fileRef = B035EDE027426DEE408C8DFB; };
		21470D94AA94D9F512884293 /* include_juce_core.mm */ = {isa = PBXBuildFile; fileRef = 4C9751A4FCE1AF249CC0C697; };
		21AF9C1D86BD1D6A254AA25C /* include_juce_audio_processors.mm */ = {isa = PBXBuildFile; fileRef = A3F21799213CFC74913912F3; };
		23F92BB871E591C6AEDEDA02 /* QuartzCore.framework */ = {isa = PBXBuildFile; fileRef = 24E0DC9F67F9FF04649C3CF2; };
		2400E38D8F0F61F88D7523C1 /* sampleratereducer.cpp */ = {isa = PBXBuildFile; fileRef = CF819FF3F87F5F5F4691BEC9; };
		2D7615FFFA67147253A09180 /* PolySynth.cpp */ = {isa = PBXBuildFile; fileRef = 230F54BC15F1806B54FD8A9C; };
		300F57EFCAFF3C15778D7B4F /* Foundation.framework */ = {isa = PBXBuildFile; fileRef = 5A47259DBE4E6DF803FA058D; };
		31557FC1F63881C8C0102AB2 /* include_juce_audio_devices.mm */ = {isa = PBXBuildFile; fileRef = DF4EDCC6847AAB1A413B8B48; };
		34803F0CCBC178E1AE82472C /* decimator.cpp */ = {isa = PBXBuildFile; fileRef = FD27A15B94AE20B4A0BD55FD; };
		45EEF9B332989904FD10C5D8 /* Lfo.cpp */ = {isa = PBXBuildFile; fileRef = 11AC800AA0379D29307D2993; };
		478859D8E10EF6DF67D4F752 /* phasor.cpp */ = {isa = PBXBuildFile; fileRef = E81F717D472B684E6F7B634C; };
		5021A8708C8F7CAEF89ACCB1 /* ParametersPage.cpp */ = {isa = PBXBuildFile; fileRef = CFD26DFE6D1ABD1DABBBA8AB; };
		54E14EA948958FB874F2A074 /* Main.cpp */ = {isa = PBXBuildFile; fileRef = FA24ADC68F731805FFDC8069; };
		5B26E3BCBA45C44D0FF554BA /* include_juce_audio_basics.mm */ = {isa = PBXBuildFile; fileRef = D650777130131C220C173964; };
		5DB243EDA274A1FBD7D64A55 /* soap.cpp */ = {isa = PBXBuildFile; fileRef = F478C95EFD00F5798097B655; };
		6052636F90246B9952F9828A /* crossfade.cpp */ = {isa = PBXBuildFile; fileRef = D6F7C49947D30B1ECF6B30E0; };
		639CB0361CAFFB44D4E30E70 /* MetalKit.framework */ = {isa = PBXBuildFile; fileRef = 174B7BB19CBC549BFE36401F; settings = { ATTRIBUTES = (Weak, ); }; };
		67B475967FC30ABFDF33BB20 /* particle.cpp */ = {isa = PBXBuildFile; fileRef = B90EF8ACBC9C89135834F92C; };
		69105A2E1DB527C5114575EA /* DiscRecording.framework */ = {isa = PBXBuildFile; fileRef = 78304F142EEED01EF90D7335; };
		6A91550C0894FB71737430A5 /* svf.cpp */ = {isa = PBXBuildFile; fileRef = 8B648C1CEDEA54FD5C1CC51F; };
		6AFD8A2D839109FBF1BA7CDD /* oscillatorbank.cpp */ = {isa = PBXBuildFile; fileRef = 25EF7FCCE31A4243E3F9AE43; };
		6FDC8B8E0802AC4DDC4375D9 /* include_juce_audio_processors_lv2_libs.cpp */ = {isa = PBXBuildFile; fileRef = 1156D019DBCFB5EF805BE9B7; };
		75BA64A2AB57AECBE94B351C /* DSPKernel.cpp */ = {isa = PBXBuildFile; fileRef = 7BF47F1D0718F5DBE8BE28E4; };
		778426C7B838A644877349C4 /* oscillator.cpp */ = {isa = PBXBuildFile; fileRef = 77C6A2F62ED7CA12EDFDE46A; };
		79AF0087CE4B0E19C23DD8B9 /* dcblock.cpp */ = {isa = PBXBuildFile; fileRef = C3DC2C1CBF459F312BD19D67; };
		7B5F4FF624EF2FCD4AE96D0A /* include_juce_core_CompilationTime.cpp */ = {isa = PBXBuildFile; fileRef = F214A697D065AAA621041BAA; };
		7CBCF9935ED8F2D2D412243A /* ProjectPage.cpp */ = {isa = PBXBuildFile; fileRef = C07D76D42C1A00FA5C73FD40; };
		7FE15AD7D17EC92A8A3D23D0 /* adenv.cpp */ = {isa = PBXBuildFile; fileRef = 8C99323ECD1ECD3410CF1D50; };
		803EEDFBCFF07AFB3BB9AC24 /* fm2.cpp */ = {isa = PBXBuildFile; fileRef = BEF4B61C782FA6109B309243; };
		81789F14BF6DBEC11748DA6F /* phaser.cpp */ = {isa = PBXBuildFile; fileRef = F46CE67778E1363F5E766E44; };
		8402393F10A51E18CE8B9EE2 /* grainlet.cpp */ = {isa = PBXBuildFile; fileRef = 0FEEC2C4214F08CBE00335CD; };
		8487B18C4251D94A76924E4B /* vosim.cpp */ = {isa = PBXBuildFile; fileRef = 7048B022ACC4C692567E20F4; };
		859EFF5D8F76A6EB8ED4A9FB /* MainComponent.cpp */ = {isa = PBXBuildFile; fileRef = 1D5BFA4912C6F517EA521151; };
		8759BBBFA4456A660C9CC842 /* AudioToolbox.framework */ = {isa = PBXBuildFile; fileRef = E128C21D7A2C1A856359FCFF; };
		8D123F8442CAA01C4B154091 /* RecentFilesMenuTemplate.nib */ = {isa = PBXBuildFile; fileRef = 03223004C2D68C1FEF60FDCA; };
		9318EB1D7EB58186B899B32D /* IOKit.framework */ = {isa = PBXBuildFile; fileRef = C50A90197B8D184D1D302873; };
		96E2882E6F6898FF913925BC /* CoreAudio.framework */ = {isa = PBXBuildFile; fileRef = F646DA6926FF7C57793D3426; };
		983AF4CA263285359D412171 /* clockednoise.cpp */ = {isa = PBXBuildFile; fileRef = F39B0CCDDF2EE0EE6E9FF1FA; };
		99F233F4B3131D725D7FFC2E /* autowah.cpp */ = {isa = PBXBuildFile; fileRef = D7A6459FB45BC112BCD8DC42; };
		9BB6F9512D8BB20C1A084857 /* Security.framework */ = {isa = PBXBuildFile; fileRef = 4F43CA6C1F42D9F786EB1B2F; };
		9D9494984B1C6F17A6E1C872 /* include_juce_gui_extra.mm */ = {isa = PBXBuildFile; fileRef = 3567D69093AB9F9D0C96B6FF; };
		A029D4B2B043AF32B2E15E54 /* modalvoice.cpp */ = {isa = PBXBuildFile; fileRef = 983818E211A42097EBBC71B1; };
		A3354A2F9527906557F40C0A /* stringvoice.cpp */ = {isa = PBXBuildFile; fileRef = 9221085BD26A27B822436664; };
		A44B71EDAD926827B43320A9 /* drip.cpp */ = {isa = PBXBuildFile; fileRef = 1FBB94D8441D19059459E5E9; };
		A5A9B82980D93E57DB8ABE88 /* limiter.cpp */ = {isa = PBXBuildFile; fileRef = EED03410BE3949A94D1140F9; };
		A6A0C5B4EE9C37293458F1AF /* include_juce_graphics_Harfbuzz.cpp */ = {isa = PBXBuildFile; fileRef = B414D8C0865F184B1E7BFD27; };
		AA9F3BA7E266511606122A8E /* wavefolder.cpp */ = {isa = PBXBuildFile; fileRef = E57766E1151EA87DBDF02B1A; };
		AB286F1BE61BDEAFDA86E543 /* include_juce_graphics.mm */ = {isa = PBXBuildFile; fileRef = F537F8023540B87B53311363; };
		AECE322BF3C369E0F568D48E /* variablesawosc.cpp */ = {isa = PBXBuildFile; fileRef = 098989FF86E98C9EC8F64BBB; };
		B5459B87B992F4A6F864432A /* include_juce_data_structures.mm */ = {isa = PBXBuildFile; fileRef = 7B3648B21F29EDEC9A6A0275; };
		B6B310AAFA822DA9A23E449F /* flanger.cpp */ = {isa = PBXBuildFile; fileRef = 785307D910DE84ADC40BFB83; };
		B71379487289ABDBDCA5458A /* include_juce_audio_formats.mm */ = {isa = PBXBuildFile; fileRef = 0110EE667581C196F76D6E30; };
		B7E6C90A7932706904081561 /* TestModuleComponent.cpp */ = {isa = PBXBuildFile; fileRef = C319A8F27BE0F167967BC178; };
		BA3C60399FF4B7F0AB16181A /* ModuleCore.cpp */ = {isa = PBXBuildFile; fileRef = 8DCF8E2239F8DC995432092E; };
		C12C4EFB40C9B051985DEB92 /* Cocoa.framework */ = {isa = PBXBuildFile; fileRef = 1C4BDAE804CEBCCD34E3C6A6; };
		C43EDEABCFC47D33B19BE25B /* ModulePage.cpp */ = {isa = PBXBuildFile; fileRef = 64C96B7D1D64BEC529D28482; };
		C4922A27F3B01FC25D1C1F98 /* analogbassdrum.cpp */ = {isa = PBXBuildFile; fileRef = 62D4CB9661BF045C5E0DD112; };
		C7B0A68E273C2809EBF01F4A /* metro.cpp */ = {isa = PBXBuildFile; fileRef = 4106BCE442744E2A1EB37FE0; };
		C9BFE555550CBC60BF994782 /* analogsnaredrum.cpp */ = {isa = PBXBuildFile; fileRef = 16FA6E44A7CEEA4D79631CD1; };
		CABEA8CD6F73A32E898C5554 /* hihat.cpp */ = {isa = PBXBuildFile; fileRef = C4CBA0055188F6EA318AF48D; };
		CDB3F0AA458115C10D38EC88 /* Parameter.cpp */ = {isa = PBXBuildFile; fileRef = C089E6A75B9EB444BA01F92E; };
		CE4EF588F441761D3BF01C24 /* synthsnaredrum.cpp */ = {isa = PBXBuildFile; fileRef = D6C4FB72D7DF2D8D5318EFCA; };
		D2C0BDDB4E0EDE48F8204150 /* App */ = {isa = PBXBuildFile; fileRef = F99A0A6C65FE37B3DEB880E5; };
		D3AE2B684E7D515B7E391B2D /* CoreAudioKit.framework */ = {isa = PBXBuildFile; fileRef = 4ED16E10BFDD0F1C67C22422; };
		D5A704AC2AF6AF61CB7512C2 /* CoreMIDI.framework */ = {isa = PBXBuildFile; fileRef = 983FE0AAB4F7F876B527583F; };
		D5B992225E58C142F1E35B5A /* include_juce_gui_basics.mm */ = {isa = PBXBuildFile; fileRef = AA529323DCD9EC166188BEB3; };
		D9BE642EF69D97E694A09D2E /* include_juce_events.mm */ = {isa = PBXBuildFile; fileRef = AC99F9E6AFB743285DE67F41; };
		DA561FAFC0A9D77A2B7D0669 /* WebKit.framework */ = {isa = PBXBuildFile; fileRef = D78DDAD64306FC5FAF1F52C4; };
		E1DC0B41F7213971C6184BF3 /* SynthVoice.cpp */ = {isa = PBXBuildFile; fileRef = 17FA8F83A82ED6F2FABF6723; };
		E6DB15A5A227C8C757F9DF3E /* zoscillator.cpp */ = {isa = PBXBuildFile; fileRef = 66F73E8DD306EFE6EBFDC285; };
		EADBDDCE0EEA000C70318C5C /* Accelerate.framework */ = {isa = PBXBuildFile; fileRef = B45AFD728180501E13FF6468; };
		EFA4BB2A2AF558D5E52CC5D9 /* include_juce_graphics_Sheenbidi.c */ = {isa = PBXBuildFile; fileRef = CA4AE92925BE8D7788EFB164; };
		F5CB880FE62296B5719B3B9F /* formantosc.cpp */ = {isa = PBXBuildFile; fileRef = 8B41281C780A1DB4446CCB06; };
		F9DAFAD7D2CCA14C6F40D0A7 /* PolyFMDSP.cpp */ = {isa = PBXBuildFile; fileRef = 2D50FDF5401CE23B11B73286; };
		FA5E1EF3A0F03BF3D455BCD2 /* variableshapeosc.cpp */ = {isa = PBXBuildFile; fileRef = 9192018F5076ACB02F0E74AB; };
		FC820406F392329E4430232A /* KarplusString.cpp */ = {isa = PBXBuildFile; fileRef = 38EB21ADC04F43327CE444F5; };
		FFAA263DDB1FC31189A99A57 /* chorus.cpp */ = {isa = PBXBuildFile; fileRef = 5F9BDCEDB9D15A681E63E32C; };
/* End PBXBuildFile section */

/* Begin PBXFileReference section */
		00F5A0A53A880C15AE645EDF /* juce_data_structures */ /* juce_data_structures */ = {isa = PBXFileReference; lastKnownFileType = folder; name = juce_data_structures; path = ../../../JuicyDaisy/JUCE/modules/juce_data_structures; sourceTree = SOURCE_ROOT; };
		0110EE667581C196F76D6E30 /* include_juce_audio_formats.mm */ /* include_juce_audio_formats.mm */ = {isa = PBXFileReference; lastKnownFileType = sourcecode.cpp.objcpp; name = include_juce_audio_formats.mm; path = ../../JuceLibraryCode/include_juce_audio_formats.mm; sourceTree = SOURCE_ROOT; };
		03223004C2D68C1FEF60FDCA /* RecentFilesMenuTemplate.nib */ /* RecentFilesMenuTemplate.nib */ = {isa = PBXFileReference; lastKnownFileType = file.nib; name = RecentFilesMenuTemplate.nib; path = RecentFilesMenuTemplate.nib; sourceTree = SOURCE_ROOT; };
		036AAB8FDD000E4EF0E490DE /* ladder.cpp */ /* ladder.cpp */ = {isa = PBXFileReference; lastKnownFileType = sourcecode.cpp.cpp; name = ladder.cpp; path = ../../../DaisySP/Source/Filters/ladder.cpp; sourceTree = SOURCE_ROOT; };
		04B9EADD3C45D012D0321C73 /* hihat.h */ /* hihat.h */ = {isa = PBXFileReference; lastKnownFileType = sourcecode.c.h; name = hihat.h; path = ../../../DaisySP/Source/Drums/hihat.h; sourceTree = SOURCE_ROOT; };
		05BA9B95A4CF42EFAA95CB19 /* oscillatorbank.h */ /* oscillatorbank.h */ = {isa = PBXFileReference; lastKnownFileType = sourcecode.c.h; name = oscillatorbank.h; path = ../../../DaisySP/Source/Synthesis/oscillatorbank.h; sourceTree = SOURCE_ROOT; };
		098989FF86E98C9EC8F64BBB /* variablesawosc.cpp */ /* variablesawosc.cpp */ = {isa = PBXFileReference; lastKnownFileType = sourcecode.cpp.cpp; name = variablesawosc.cpp; path = ../../../DaisySP/Source/Synthesis/variablesawosc.cpp; sourceTree = SOURCE_ROOT; };
		0A69F69FD5D28D75648702D9 /* oscillator.h */ /* oscillator.h */ = {isa = PBXFileReference; lastKnownFileType = sourcecode.c.h; name = oscillator.h; path = ../../../DaisySP/Source/Synthesis/oscillator.h; sourceTree = SOURCE_ROOT; };
		0B37471B62A5A47FED84BB4D /* TestModuleComponent.h */ /* TestModuleComponent.h */ = {isa = PBXFileReference; lastKnownFileType = sourcecode.c.h; name = TestModuleComponent.h; path = ../../../JuicyDaisy/TestModuleComponent.h; sourceTree = SOURCE_ROOT; };
		0C6259637F2CFF0923455E5B /* dcblock.h */ /* dcblock.h */ = {isa = PBXFileReference; lastKnownFileType = sourcecode.c.h; name = dcblock.h; path = ../../../DaisySP/Source/Utility/dcblock.h; sourceTree = SOURCE_ROOT; };
		0EDFBB794986826D906A1508 /* PolyFMCore.h */ /* PolyFMCore.h */ = {isa = PBXFileReference; lastKnownFileType = sourcecode.c.h; name = PolyFMCore.h; path = ../../../Source/PolyFMCore.h; sourceTree = SOURCE_ROOT; };
		0EE2960032949AF01F728001 /* Macros.h */ /* Macros.h */ = {isa = PBXFileReference; lastKnownFileType = sourcecode.c.h; name = Macros.h; path = ../../../DaisyYMNK/DSP/Macros.h; sourceTree = SOURCE_ROOT; };
		0FEEC2C4214F08CBE00335CD /* grainlet.cpp */ /* grainlet.cpp */ = {isa = PBXFileReference; lastKnownFileType = sourcecode.cpp.cpp; name = grainlet.cpp; path = ../../../DaisySP/Source/Noise/grainlet.cpp; sourceTree = SOURCE_ROOT; };
		1156D019DBCFB5EF805BE9B7 /* include_juce_audio_processors_lv2_libs.cpp */ /* include_juce_audio_processors_lv2_libs.cpp */ = {isa = PBXFileReference; lastKnownFileType = sourcecode.cpp.cpp; name = include_juce_audio_processors_lv2_libs.cpp; path = ../../JuceLibraryCode/include_juce_audio_processors_lv2_libs.cpp; sourceTree = SOURCE_ROOT; };
		11AC800AA0379D29307D2993 /* Lfo.cpp */ /* Lfo.cpp */ = {isa = PBXFileReference; lastKnownFileType = sourcecode.cpp.cpp; name = Lfo.cpp; path = ../../../Source/Lfo.cpp; sourceTree = SOURCE_ROOT; };
		15C1D6E5D5732A79CC0EDEDE /* sampleratereducer.h */ /* sampleratereducer.h */ = {isa = PBXFileReference; lastKnownFileType = sourcecode.c.h; name = sampleratereducer.h; path = ../../../DaisySP/Source/Effects/sampleratereducer.h; sourceTree = SOURCE_ROOT; };
		15DD5646476C89FED45C105B /* delayline.h */ /* delayline.h */ = {isa = PBXFileReference; lastKnownFileType = sourcecode.c.h; name = delayline.h; path = ../../../DaisySP/Source/Utility/delayline.h; sourceTree = SOURCE_ROOT; };
		16FA6E44A7CEEA4D79631CD1 /* analogsnaredrum.cpp */ /* analogsnaredrum.cpp */ = {isa = PBXFileReference; lastKnownFileType = sourcecode.cpp.cpp; name = analogsnaredrum.cpp; path = ../../../DaisySP/Source/Drums/analogsnaredrum.cpp; sourceTree = SOURCE_ROOT; };
		174B7BB19CBC549BFE36401F /* MetalKit.framework */ /* MetalKit.framework */ = {isa = PBXFileReference; lastKnownFileType = wrapper.framework; name = MetalKit.framework; path = System/Library/Frameworks/MetalKit.framework; sourceTree = SDKROOT; };
		17FA8F83A82ED6F2FABF6723 /* SynthVoice.cpp */ /* SynthVoice.cpp */ = {isa = PBXFileReference; lastKnownFileType = sourcecode.cpp.cpp; name = SynthVoice.cpp; path = ../../../Source/SynthVoice.cpp; sourceTree = SOURCE_ROOT; };
		1C4BDAE804CEBCCD34E3C6A6 /* Cocoa.framework */ /* Cocoa.framework */ = {isa = PBXFileReference; lastKnownFileType = wrapper.framework; name = Cocoa.framework; path = System/Library/Frameworks/Cocoa.framework; sourceTree = SDKROOT; };
		1CBA4BBBEF8BF438CF03A2FF /* adenv.h */ /* adenv.h */ = {isa = PBXFileReference; lastKnownFileType = sourcecode.c.h; name = adenv.h; path = ../../../DaisySP/Source/Control/adenv.h; sourceTree = SOURCE_ROOT; };
		1D5BFA4912C6F517EA521151 /* MainComponent.cpp */ /* MainComponent.cpp */ = {isa = PBXFileReference; lastKnownFileType = sourcecode.cpp.cpp; name = MainComponent.cpp; path = ../../Source/MainComponent.cpp; sourceTree = SOURCE_ROOT; };
		1ED70932E843DC156933B5C3 /* pitchshifter.h */ /* pitchshifter.h */ = {isa = PBXFileReference; lastKnownFileType = sourcecode.c.h; name = pitchshifter.h; path = ../../../DaisySP/Source/Effects/pitchshifter.h; sourceTree = SOURCE_ROOT; };
		1FBB94D8441D19059459E5E9 /* drip.cpp */ /* drip.cpp */ = {isa = PBXFileReference; lastKnownFileType = sourcecode.cpp.cpp; name = drip.cpp; path = ../../../DaisySP/Source/PhysicalModeling/drip.cpp; sourceTree = SOURCE_ROOT; };
		21E3D7BC2373FE6C5C75EE2D /* flanger.h */ /* flanger.h */ = {isa = PBXFileReference; lastKnownFileType = sourcecode.c.h; name = flanger.h; path = ../../../DaisySP/Source/Effects/flanger.h; sourceTree = SOURCE_ROOT; };
		230F54BC15F1806B54FD8A9C /* PolySynth.cpp */ /* PolySynth.cpp */ = {isa = PBXFileReference; lastKnownFileType = sourcecode.cpp.cpp; name = PolySynth.cpp; path = ../../../Source/PolySynth.cpp; sourceTree = SOURCE_ROOT; };
		23412A475520EFC2A0BE9BA3 /* HIDElement.h */ /* HIDElement.h */ = {isa = PBXFileReference; lastKnownFileType = sourcecode.c.h; name = HIDElement.h; path = ../../../DaisyYMNK/DSP/HIDElement.h; sourceTree = SOURCE_ROOT; };
		2454660C3550FB5FEF085BDC /* dust.h */ /* dust.h */ = {isa = PBXFileReference; lastKnownFileType = sourcecode.c.h; name = dust.h; path = ../../../DaisySP/Source/Noise/dust.h; sourceTree = SOURCE_ROOT; };
		24E0DC9F67F9FF04649C3CF2 /* QuartzCore.framework */ /* QuartzCore.framework */ = {isa = PBXFileReference; lastKnownFileType = wrapper.framework; name = QuartzCore.framework; path = System/Library/Frameworks/QuartzCore.framework; sourceTree = SDKROOT; };
		25EF7FCCE31A4243E3F9AE43 /* oscillatorbank.cpp */ /* oscillatorbank.cpp */ = {isa = PBXFileReference; lastKnownFileType = sourcecode.cpp.cpp; name = oscillatorbank.cpp; path = ../../../DaisySP/Source/Synthesis/oscillatorbank.cpp; sourceTree = SOURCE_ROOT; };
		26FF51E5C43A0E10DA808949 /* samplehold.h */ /* samplehold.h */ = {isa = PBXFileReference; lastKnownFileType = sourcecode.c.h; name = samplehold.h; path = ../../../DaisySP/Source/Utility/samplehold.h; sourceTree = SOURCE_ROOT; };
		2A28698DF4C89DCF7DFC3E93 /* PolySynth.h */ /* PolySynth.h */ = {isa = PBXFileReference; lastKnownFileType = sourcecode.c.h; name = PolySynth.h; path = ../../../Source/PolySynth.h; sourceTree = SOURCE_ROOT; };
		2C5A92EAB40816632AF68D5A /* ModulePage.h */ /* ModulePage.h */ = {isa = PBXFileReference; lastKnownFileType = sourcecode.c.h; name = ModulePage.h; path = ../../../JuicyDaisy/ModulePage.h; sourceTree = SOURCE_ROOT; };
		2CCE685B947649AA62A21E77 /* synthbassdrum.h */ /* synthbassdrum.h */ = {isa = PBXFileReference; lastKnownFileType = sourcecode.c.h; name = synthbassdrum.h; path = ../../../DaisySP/Source/Drums/synthbassdrum.h; sourceTree = SOURCE_ROOT; };
		2CDA21D51B55DA3525C78411 /* overdrive.h */ /* overdrive.h */ = {isa = PBXFileReference; lastKnownFileType = sourcecode.c.h; name = overdrive.h; path = ../../../DaisySP/Source/Effects/overdrive.h; sourceTree = SOURCE_ROOT; };
		2D38FA48201A5916B0B99B8B /* particle.h */ /* particle.h */ = {isa = PBXFileReference; lastKnownFileType = sourcecode.c.h; name = particle.h; path = ../../../DaisySP/Source/Noise/particle.h; sourceTree = SOURCE_ROOT; };
		2D50FDF5401CE23B11B73286 /* PolyFMDSP.cpp */ /* PolyFMDSP.cpp */ = {isa = PBXFileReference; lastKnownFileType = sourcecode.cpp.cpp; name = PolyFMDSP.cpp; path = ../../../Source/PolyFMDSP.cpp; sourceTree = SOURCE_ROOT; };
		2F94AF3264A0F99C8EB9AD26 /* fm2.h */ /* fm2.h */ = {isa = PBXFileReference; lastKnownFileType = sourcecode.c.h; name = fm2.h; path = ../../../DaisySP/Source/Synthesis/fm2.h; sourceTree = SOURCE_ROOT; };
		31D880567C7CF653A9DC932A /* juce_audio_utils */ /* juce_audio_utils */ = {isa = PBXFileReference; lastKnownFileType = folder; name = juce_audio_utils; path = ../../../JuicyDaisy/JUCE/modules/juce_audio_utils; sourceTree = SOURCE_ROOT; };
		34EDE1BE90E8399AA512E646 /* ModuleCore.h */ /* ModuleCore.h */ = {isa = PBXFileReference; lastKnownFileType = sourcecode.c.h; name = ModuleCore.h; path = ../../../DaisyYMNK/DSP/ModuleCore.h; sourceTree = SOURCE_ROOT; };
		3567D69093AB9F9D0C96B6FF /* include_juce_gui_extra.mm */ /* include_juce_gui_extra.mm */ = {isa = PBXFileReference; lastKnownFileType = sourcecode.cpp.objcpp; name = include_juce_gui_extra.mm; path = ../../JuceLibraryCode/include_juce_gui_extra.mm; sourceTree = SOURCE_ROOT; };
		38EB21ADC04F43327CE444F5 /* KarplusString.cpp */ /* KarplusString.cpp */ = {isa = PBXFileReference; lastKnownFileType = sourcecode.cpp.cpp; name = KarplusString.cpp; path = ../../../DaisySP/Source/PhysicalModeling/KarplusString.cpp; sourceTree = SOURCE_ROOT; };
		3EDBDC7A46A8A78C08953943 /* adsr.cpp */ /* adsr.cpp */ = {isa = PBXFileReference; lastKnownFileType = sourcecode.cpp.cpp; name = adsr.cpp; path = ../../../DaisySP/Source/Control/adsr.cpp; sourceTree = SOURCE_ROOT; };
		4106BCE442744E2A1EB37FE0 /* metro.cpp */ /* metro.cpp */ = {isa = PBXFileReference; lastKnownFileType = sourcecode.cpp.cpp; name = metro.cpp; path = ../../../DaisySP/Source/Utility/metro.cpp; sourceTree = SOURCE_ROOT; };
		415D7DE5CA326F3F6C43BCD2 /* fractal_noise.h */ /* fractal_noise.h */ = {isa = PBXFileReference; lastKnownFileType = sourcecode.c.h; name = fractal_noise.h; path = ../../../DaisySP/Source/Noise/fractal_noise.h; sourceTree = SOURCE_ROOT; };
		41E199A55D8F0D0947A5197E /* juce_audio_devices */ /* juce_audio_devices */ = {isa = PBXFileReference; lastKnownFileType = folder; name = juce_audio_devices; path = ../../../JuicyDaisy/JUCE/modules/juce_audio_devices; sourceTree = SOURCE_ROOT; };
		42428C01830D7D464B485CB4 /* fir.h */ /* fir.h */ = {isa = PBXFileReference; lastKnownFileType = sourcecode.c.h; name = fir.h; path = ../../../DaisySP/Source/Filters/fir.h; sourceTree = SOURCE_ROOT; };
		455D850F96BE2AC49CF47CF5 /* DSP.h */ /* DSP.h */ = {isa = PBXFileReference; lastKnownFileType = sourcecode.c.h; name = DSP.h; path = ../../../DaisyYMNK/DSP/DSP.h; sourceTree = SOURCE_ROOT; };
		46416BA492F2BE9CAE145DB3 /* phasor.h */ /* phasor.h */ = {isa = PBXFileReference; lastKnownFileType = sourcecode.c.h; name = phasor.h; path = ../../../DaisySP/Source/Control/phasor.h; sourceTree = SOURCE_ROOT; };
		4A363246EF915E7282DF6E2F /* variablesawosc.h */ /* variablesawosc.h */ = {isa = PBXFileReference; lastKnownFileType = sourcecode.c.h; name = variablesawosc.h; path = ../../../DaisySP/Source/Synthesis/variablesawosc.h; sourceTree = SOURCE_ROOT; };
		4C101778E84E1036009B9F57 /* analogbassdrum.h */ /* analogbassdrum.h */ = {isa = PBXFileReference; lastKnownFileType = sourcecode.c.h; name = analogbassdrum.h; path = ../../../DaisySP/Source/Drums/analogbassdrum.h; sourceTree = SOURCE_ROOT; };
		4C9751A4FCE1AF249CC0C697 /* include_juce_core.mm */ /* include_juce_core.mm */ = {isa = PBXFileReference; lastKnownFileType = sourcecode.cpp.objcpp; name = include_juce_core.mm; path = ../../JuceLibraryCode/include_juce_core.mm; sourceTree = SOURCE_ROOT; };
		4E98CBC9D1BF092E7297F585 /* smooth_random.h */ /* smooth_random.h */ = {isa = PBXFileReference; lastKnownFileType = sourcecode.c.h; name = smooth_random.h; path = ../../../DaisySP/Source/Utility/smooth_random.h; sourceTree = SOURCE_ROOT; };
		4ED16E10BFDD0F1C67C22422 /* CoreAudioKit.framework */ /* CoreAudioKit.framework */ = {isa = PBXFileReference; lastKnownFileType = wrapper.framework; name = CoreAudioKit.framework; path = System/Library/Frameworks/CoreAudioKit.framework; sourceTree = SDKROOT; };
		4F43CA6C1F42D9F786EB1B2F /* Security.framework */ /* Security.framework */ = {isa = PBXFileReference; lastKnownFileType = wrapper.framework; name = Security.framework; path = System/Library/Frameworks/Security.framework; sourceTree = SDKROOT; };
		54F116D3BA3F6FFAC5E68FF4 /* modalvoice.h */ /* modalvoice.h */ = {isa = PBXFileReference; lastKnownFileType = sourcecode.c.h; name = modalvoice.h; path = ../../../DaisySP/Source/PhysicalModeling/modalvoice.h; sourceTree = SOURCE_ROOT; };
		57C38E1856C090F70C083F5A /* juce_audio_formats */ /* juce_audio_formats */ = {isa = PBXFileReference; lastKnownFileType = folder; name = juce_audio_formats; path = ../../../JuicyDaisy/JUCE/modules/juce_audio_formats; sourceTree = SOURCE_ROOT; };
		5852EACDFBC7B930F0AEEE8E /* Metal.framework */ /* Metal.framework */ = {isa = PBXFileReference; lastKnownFileType = wrapper.framework; name = Metal.framework; path = System/Library/Frameworks/Metal.framework; sourceTree = SDKROOT; };
		5A47259DBE4E6DF803FA058D /* Foundation.framework */ /* Foundation.framework */ = {isa = PBXFileReference; lastKnownFileType = wrapper.framework; name = Foundation.framework; path = System/Library/Frameworks/Foundation.framework; sourceTree = SDKROOT; };
		5F62F9D0A7E10E9C5392CFCC /* stringvoice.h */ /* stringvoice.h */ = {isa = PBXFileReference; lastKnownFileType = sourcecode.c.h; name = stringvoice.h; path = ../../../DaisySP/Source/PhysicalModeling/stringvoice.h; sourceTree = SOURCE_ROOT; };
		5F9BDCEDB9D15A681E63E32C /* chorus.cpp */ /* chorus.cpp */ = {isa = PBXFileReference; lastKnownFileType = sourcecode.cpp.cpp; name = chorus.cpp; path = ../../../DaisySP/Source/Effects/chorus.cpp; sourceTree = SOURCE_ROOT; };
		5FC97268EDD00E84C810DA28 /* AttackDecay.h */ /* AttackDecay.h */ = {isa = PBXFileReference; lastKnownFileType = sourcecode.c.h; name = AttackDecay.h; path = ../../../DaisyYMNK/DSP/Env/AttackDecay.h; sourceTree = SOURCE_ROOT; };
		62D4CB9661BF045C5E0DD112 /* analogbassdrum.cpp */ /* analogbassdrum.cpp */ = {isa = PBXFileReference; lastKnownFileType = sourcecode.cpp.cpp; name = analogbassdrum.cpp; path = ../../../DaisySP/Source/Drums/analogbassdrum.cpp; sourceTree = SOURCE_ROOT; };
		64C96B7D1D64BEC529D28482 /* ModulePage.cpp */ /* ModulePage.cpp */ = {isa = PBXFileReference; lastKnownFileType = sourcecode.cpp.cpp; name = ModulePage.cpp; path = ../../../JuicyDaisy/ModulePage.cpp; sourceTree = SOURCE_ROOT; };
		656F8496843F6800172A5859 /* tremolo.cpp */ /* tremolo.cpp */ = {isa = PBXFileReference; lastKnownFileType = sourcecode.cpp.cpp; name = tremolo.cpp; path = ../../../DaisySP/Source/Effects/tremolo.cpp; sourceTree = SOURCE_ROOT; };
		65B55403318445A2799FF898 /* ladder.h */ /* ladder.h */ = {isa = PBXFileReference; lastKnownFileType = sourcecode.c.h; name = ladder.h; path = ../../../DaisySP/Source/Filters/ladder.h; sourceTree = SOURCE_ROOT; };
		66F73E8DD306EFE6EBFDC285 /* zoscillator.cpp */ /* zoscillator.cpp */ = {isa = PBXFileReference; lastKnownFileType = sourcecode.cpp.cpp; name = zoscillator.cpp; path = ../../../DaisySP/Source/Synthesis/zoscillator.cpp; sourceTree = SOURCE_ROOT; };
		6AF7AA1CDD3DD1BA225C9D5A /* ParameterDesc.h */ /* ParameterDesc.h */ = {isa = PBXFileReference; lastKnownFileType = sourcecode.c.h; name = ParameterDesc.h; path = ../../../DaisyYMNK/DSP/ParameterDesc.h; sourceTree = SOURCE_ROOT; };
		6B5F7953A4720666A9F98438 /* KarplusString.h */ /* KarplusString.h */ = {isa = PBXFileReference; lastKnownFileType = sourcecode.c.h; name = KarplusString.h; path = ../../../DaisySP/Source/PhysicalModeling/KarplusString.h; sourceTree = SOURCE_ROOT; };
		700752CDA6CEF3EF2844BDD5 /* phaser.h */ /* phaser.h */ = {isa = PBXFileReference; lastKnownFileType = sourcecode.c.h; name = phaser.h; path = ../../../DaisySP/Source/Effects/phaser.h; sourceTree = SOURCE_ROOT; };
		7048B022ACC4C692567E20F4 /* vosim.cpp */ /* vosim.cpp */ = {isa = PBXFileReference; lastKnownFileType = sourcecode.cpp.cpp; name = vosim.cpp; path = ../../../DaisySP/Source/Synthesis/vosim.cpp; sourceTree = SOURCE_ROOT; };
		71CE56FC7388220312A1E197 /* Preset.h */ /* Preset.h */ = {isa = PBXFileReference; lastKnownFileType = sourcecode.c.h; name = Preset.h; path = ../../../DaisyYMNK/DSP/Preset.h; sourceTree = SOURCE_ROOT; };
		71F3DD02458AF548E1FC741D /* SignalProcessing.h */ /* SignalProcessing.h */ = {isa = PBXFileReference; lastKnownFileType = sourcecode.c.h; name = SignalProcessing.h; path = ../../../DaisyYMNK/DSP/SignalProcessing.h; sourceTree = SOURCE_ROOT; };
		736D935B198B9BEEC076C9C9 /* limiter.h */ /* limiter.h */ = {isa = PBXFileReference; lastKnownFileType = sourcecode.c.h; name = limiter.h; path = ../../../DaisySP/Source/Dynamics/limiter.h; sourceTree = SOURCE_ROOT; };
		7691AFA4F661387949DAC5AD /* ProjectPage.h */ /* ProjectPage.h */ = {isa = PBXFileReference; lastKnownFileType = sourcecode.c.h; name = ProjectPage.h; path = ../../../JuicyDaisy/ProjectPage.h; sourceTree = SOURCE_ROOT; };
		77C6A2F62ED7CA12EDFDE46A /* oscillator.cpp */ /* oscillator.cpp */ = {isa = PBXFileReference; lastKnownFileType = sourcecode.cpp.cpp; name = oscillator.cpp; path = ../../../DaisySP/Source/Synthesis/oscillator.cpp; sourceTree = SOURCE_ROOT; };
		78304F142EEED01EF90D7335 /* DiscRecording.framework */ /* DiscRecording.framework */ = {isa = PBXFileReference; lastKnownFileType = wrapper.framework; name = DiscRecording.framework; path = System/Library/Frameworks/DiscRecording.framework; sourceTree = SDKROOT; };
		785307D910DE84ADC40BFB83 /* flanger.cpp */ /* flanger.cpp */ = {isa = PBXFileReference; lastKnownFileType = sourcecode.cpp.cpp; name = flanger.cpp; path = ../../../DaisySP/Source/Effects/flanger.cpp; sourceTree = SOURCE_ROOT; };
		7A76783C4603255297B678D8 /* PolyFMCore.cpp */ /* PolyFMCore.cpp */ = {isa = PBXFileReference; lastKnownFileType = sourcecode.cpp.cpp; name = PolyFMCore.cpp; path = ../../../Source/PolyFMCore.cpp; sourceTree = SOURCE_ROOT; };
		7B3648B21F29EDEC9A6A0275 /* include_juce_data_structures.mm */ /* include_juce_data_structures.mm */ = {isa = PBXFileReference; lastKnownFileType = sourcecode.cpp.objcpp; name = include_juce_data_structures.mm; path = ../../JuceLibraryCode/include_juce_data_structures.mm; sourceTree = SOURCE_ROOT; };
		7B466A318531ACF3A84740F9 /* JuceHeader.h */ /* JuceHeader.h */ = {isa = PBXFileReference; lastKnownFileType = sourcecode.c.h; name = JuceHeader.h; path = ../../JuceLibraryCode/JuceHeader.h; sourceTree = SOURCE_ROOT; };
		7BF47F1D0718F5DBE8BE28E4 /* DSPKernel.cpp */ /* DSPKernel.cpp */ = {isa = PBXFileReference; lastKnownFileType = sourcecode.cpp.cpp; name = DSPKernel.cpp; path = ../../../DaisyYMNK/DSP/DSPKernel.cpp; sourceTree = SOURCE_ROOT; };
		7D98F05CFB6061D618F279C1 /* SmoothValue.cpp */ /* SmoothValue.cpp */ = {isa = PBXFileReference; lastKnownFileType = sourcecode.cpp.cpp; name = SmoothValue.cpp; path = ../../../DaisyYMNK/DSP/SmoothValue.cpp; sourceTree = SOURCE_ROOT; };
		7EA2462DEA369307BE3FCC1D /* whitenoise.h */ /* whitenoise.h */ = {isa = PBXFileReference; lastKnownFileType = sourcecode.c.h; name = whitenoise.h; path = ../../../DaisySP/Source/Noise/whitenoise.h; sourceTree = SOURCE_ROOT; };
		83903DC3F8AD8DB88EB331EE /* wavefolder.h */ /* wavefolder.h */ = {isa = PBXFileReference; lastKnownFileType = sourcecode.c.h; name = wavefolder.h; path = ../../../DaisySP/Source/Effects/wavefolder.h; sourceTree = SOURCE_ROOT; };
		87AD220327D4061130F7A7A9 /* metro.h */ /* metro.h */ = {isa = PBXFileReference; lastKnownFileType = sourcecode.c.h; name = metro.h; path = ../../../DaisySP/Source/Utility/metro.h; sourceTree = SOURCE_ROOT; };
		885CBA1D9F0C3DA34AFC006A /* include_juce_audio_processors_ara.cpp */ /* include_juce_audio_processors_ara.cpp */ = {isa = PBXFileReference; lastKnownFileType = sourcecode.cpp.cpp; name = include_juce_audio_processors_ara.cpp; path = ../../JuceLibraryCode/include_juce_audio_processors_ara.cpp; sourceTree = SOURCE_ROOT; };
		89F10542C0A4F32147F2B7CD /* overdrive.cpp */ /* overdrive.cpp */ = {isa = PBXFileReference; lastKnownFileType = sourcecode.cpp.cpp; name = overdrive.cpp; path = ../../../DaisySP/Source/Effects/overdrive.cpp; sourceTree = SOURCE_ROOT; };
		8B41281C780A1DB4446CCB06 /* formantosc.cpp */ /* formantosc.cpp */ = {isa = PBXFileReference; lastKnownFileType = sourcecode.cpp.cpp; name = formantosc.cpp; path = ../../../DaisySP/Source/Synthesis/formantosc.cpp; sourceTree = SOURCE_ROOT; };
		8B648C1CEDEA54FD5C1CC51F /* svf.cpp */ /* svf.cpp */ = {isa = PBXFileReference; lastKnownFileType = sourcecode.cpp.cpp; name = svf.cpp; path = ../../../DaisySP/Source/Filters/svf.cpp; sourceTree = SOURCE_ROOT; };
		8C99323ECD1ECD3410CF1D50 /* adenv.cpp */ /* adenv.cpp */ = {isa = PBXFileReference; lastKnownFileType = sourcecode.cpp.cpp; name = adenv.cpp; path = ../../../DaisySP/Source/Control/adenv.cpp; sourceTree = SOURCE_ROOT; };
		8D2495927E00723134745697 /* InlineMath.h */ /* InlineMath.h */ = {isa = PBXFileReference; lastKnownFileType = sourcecode.c.h; name = InlineMath.h; path = ../../../DaisyYMNK/Common/InlineMath.h; sourceTree = SOURCE_ROOT; };
		8DCF8E2239F8DC995432092E /* ModuleCore.cpp */ /* ModuleCore.cpp */ = {isa = PBXFileReference; lastKnownFileType = sourcecode.cpp.cpp; name = ModuleCore.cpp; path = ../../../DaisyYMNK/DSP/ModuleCore.cpp; sourceTree = SOURCE_ROOT; };
		8DDE2EAFB1EDC7B7DEB9074B /* svf.h */ /* svf.h */ = {isa = PBXFileReference; lastKnownFileType = sourcecode.c.h; name = svf.h; path = ../../../DaisySP/Source/Filters/svf.h; sourceTree = SOURCE_ROOT; };
		905F131B1BBC884A9959FE9E /* drip.h */ /* drip.h */ = {isa = PBXFileReference; lastKnownFileType = sourcecode.c.h; name = drip.h; path = ../../../DaisySP/Source/PhysicalModeling/drip.h; sourceTree = SOURCE_ROOT; };
		9151AD3CCD536D457AF68316 /* tremolo.h */ /* tremolo.h */ = {isa = PBXFileReference; lastKnownFileType = sourcecode.c.h; name = tremolo.h; path = ../../../DaisySP/Source/Effects/tremolo.h; sourceTree = SOURCE_ROOT; };
		9192018F5076ACB02F0E74AB /* variableshapeosc.cpp */ /* variableshapeosc.cpp */ = {isa = PBXFileReference; lastKnownFileType = sourcecode.cpp.cpp; name = variableshapeosc.cpp; path = ../../../DaisySP/Source/Synthesis/variableshapeosc.cpp; sourceTree = SOURCE_ROOT; };
		9221085BD26A27B822436664 /* stringvoice.cpp */ /* stringvoice.cpp */ = {isa = PBXFileReference; lastKnownFileType = sourcecode.cpp.cpp; name = stringvoice.cpp; path = ../../../DaisySP/Source/PhysicalModeling/stringvoice.cpp; sourceTree = SOURCE_ROOT; };
		950004D1FC6901994266E8F7 /* Parameter.h */ /* Parameter.h */ = {isa = PBXFileReference; lastKnownFileType = sourcecode.c.h; name = Parameter.h; path = ../../../DaisyYMNK/DSP/Parameter.h; sourceTree = SOURCE_ROOT; };
		97BEC15BB1074FE002E5AC70 /* looper.h */ /* looper.h */ = {isa = PBXFileReference; lastKnownFileType = sourcecode.c.h; name = looper.h; path = ../../../DaisySP/Source/Utility/looper.h; sourceTree = SOURCE_ROOT; };
		983818E211A42097EBBC71B1 /* modalvoice.cpp */ /* modalvoice.cpp */ = {isa = PBXFileReference; lastKnownFileType = sourcecode.cpp.cpp; name = modalvoice.cpp; path = ../../../DaisySP/Source/PhysicalModeling/modalvoice.cpp; sourceTree = SOURCE_ROOT; };
		983FE0AAB4F7F876B527583F /* CoreMIDI.framework */ /* CoreMIDI.framework */ = {isa = PBXFileReference; lastKnownFileType = wrapper.framework; name = CoreMIDI.framework; path = System/Library/Frameworks/CoreMIDI.framework; sourceTree = SDKROOT; };
		9EFB05D45C7F7D3E0B925A3E /* autowah.h */ /* autowah.h */ = {isa = PBXFileReference; lastKnownFileType = sourcecode.c.h; name = autowah.h; path = ../../../DaisySP/Source/Effects/autowah.h; sourceTree = SOURCE_ROOT; };
		9F641F131D941760ADE69008 /* zoscillator.h */ /* zoscillator.h */ = {isa = PBXFileReference; lastKnownFileType = sourcecode.c.h; name = zoscillator.h; path = ../../../DaisySP/Source/Synthesis/zoscillator.h; sourceTree = SOURCE_ROOT; };
		9F94268B308E1E99A8485178 /* harmonic_osc.h */ /* harmonic_osc.h */ = {isa = PBXFileReference; lastKnownFileType = sourcecode.c.h; name = harmonic_osc.h; path = ../../../DaisySP/Source/Synthesis/harmonic_osc.h; sourceTree = SOURCE_ROOT; };
		9FBC8ED7F8ADEDBDA3E5D291 /* SmoothValue.h */ /* SmoothValue.h */ = {isa = PBXFileReference; lastKnownFileType = sourcecode.c.h; name = SmoothValue.h; path = ../../../DaisyYMNK/DSP/SmoothValue.h; sourceTree = SOURCE_ROOT; };
		A06F6E5803107C2258589B31 /* MidiMessageType.h */ /* MidiMessageType.h */ = {isa = PBXFileReference; lastKnownFileType = sourcecode.c.h; name = MidiMessageType.h; path = ../../../DaisyYMNK/DSP/MidiMessageType.h; sourceTree = SOURCE_ROOT; };
		A0AD68077AF97FEA9249A557 /* Info-App.plist */ /* Info-App.plist */ = {isa = PBXFileReference; lastKnownFileType = text.plist.xml; name = "Info-App.plist"; path = "Info-App.plist"; sourceTree = SOURCE_ROOT; };
		A26AFEFFFFB7E0B4445BC71C /* MainComponent.h */ /* MainComponent.h */ = {isa = PBXFileReference; lastKnownFileType = sourcecode.c.h; name = MainComponent.h; path = ../../Source/MainComponent.h; sourceTree = SOURCE_ROOT; };
		A3F21799213CFC74913912F3 /* include_juce_audio_processors.mm */ /* include_juce_audio_processors.mm */ = {isa = PBXFileReference; lastKnownFileType = sourcecode.cpp.objcpp; name = include_juce_audio_processors.mm; path = ../../JuceLibraryCode/include_juce_audio_processors.mm; sourceTree = SOURCE_ROOT; };
		A522479E42CD1420844B7103 /* resonator.h */ /* resonator.h */ = {isa = PBXFileReference; lastKnownFileType = sourcecode.c.h; name = resonator.h; path = ../../../DaisySP/Source/PhysicalModeling/resonator.h; sourceTree = SOURCE_ROOT; };
		A7E85B499A3B28285689A3F9 /* PolyFMDSP.h */ /* PolyFMDSP.h */ = {isa = PBXFileReference; lastKnownFileType = sourcecode.c.h; name = PolyFMDSP.h; path = ../../../Source/PolyFMDSP.h; sourceTree = SOURCE_ROOT; };
		A86D50D5DFEB9E3D2BAFAABF /* onepole.h */ /* onepole.h */ = {isa = PBXFileReference; lastKnownFileType = sourcecode.c.h; name = onepole.h; path = ../../../DaisySP/Source/Filters/onepole.h; sourceTree = SOURCE_ROOT; };
		AA529323DCD9EC166188BEB3 /* include_juce_gui_basics.mm */ /* include_juce_gui_basics.mm */ = {isa = PBXFileReference; lastKnownFileType = sourcecode.cpp.objcpp; name = include_juce_gui_basics.mm; path = ../../JuceLibraryCode/include_juce_gui_basics.mm; sourceTree = SOURCE_ROOT; };
		ABFC7C6C71EE30310D2D5E0E /* formantosc.h */ /* formantosc.h */ = {isa = PBXFileReference; lastKnownFileType = sourcecode.c.h; name = formantosc.h; path = ../../../DaisySP/Source/Synthesis/formantosc.h; sourceTree = SOURCE_ROOT; };
		AC3858E3675791B3CF9757AB /* Note.h */ /* Note.h */ = {isa = PBXFileReference; lastKnownFileType = sourcecode.c.h; name = Note.h; path = ../../../DaisyYMNK/Common/Note.h; sourceTree = SOURCE_ROOT; };
		AC99F9E6AFB743285DE67F41 /* include_juce_events.mm */ /* include_juce_events.mm */ = {isa = PBXFileReference; lastKnownFileType = sourcecode.cpp.objcpp; name = include_juce_events.mm; path = ../../JuceLibraryCode/include_juce_events.mm; sourceTree = SOURCE_ROOT; };
		B00F4DAF2B3768460F4D6D7F /* juce_events */ /* juce_events */ = {isa = PBXFileReference; lastKnownFileType = folder; name = juce_events; path = ../../../JuicyDaisy/JUCE/modules/juce_events; sourceTree = SOURCE_ROOT; };
		B035EDE027426DEE408C8DFB /* synthbassdrum.cpp */ /* synthbassdrum.cpp */ = {isa = PBXFileReference; lastKnownFileType = sourcecode.cpp.cpp; name = synthbassdrum.cpp; path = ../../../DaisySP/Source/Drums/synthbassdrum.cpp; sourceTree = SOURCE_ROOT; };
		B15B263275156F25AD96EC85 /* synthsnaredrum.h */ /* synthsnaredrum.h */ = {isa = PBXFileReference; lastKnownFileType = sourcecode.c.h; name = synthsnaredrum.h; path = ../../../DaisySP/Source/Drums/synthsnaredrum.h; sourceTree = SOURCE_ROOT; };
		B1D2811F2B138AE5A438EBBD /* maytrig.h */ /* maytrig.h */ = {isa = PBXFileReference; lastKnownFileType = sourcecode.c.h; name = maytrig.h; path = ../../../DaisySP/Source/Utility/maytrig.h; sourceTree = SOURCE_ROOT; };
		B21D7B2849B240E37E2663FA /* juce_audio_basics */ /* juce_audio_basics */ = {isa = PBXFileReference; lastKnownFileType = folder; name = juce_audio_basics; path = ../../../JuicyDaisy/JUCE/modules/juce_audio_basics; sourceTree = SOURCE_ROOT; };
		B414D8C0865F184B1E7BFD27 /* include_juce_graphics_Harfbuzz.cpp */ /* include_juce_graphics_Harfbuzz.cpp */ = {isa = PBXFileReference; lastKnownFileType = sourcecode.cpp.cpp; name = include_juce_graphics_Harfbuzz.cpp; path = ../../JuceLibraryCode/include_juce_graphics_Harfbuzz.cpp; sourceTree = SOURCE_ROOT; };
		B45AFD728180501E13FF6468 /* Accelerate.framework */ /* Accelerate.framework */ = {isa = PBXFileReference; lastKnownFileType = wrapper.framework; name = Accelerate.framework; path = System/Library/Frameworks/Accelerate.framework; sourceTree = SDKROOT; };
		B90EF8ACBC9C89135834F92C /* particle.cpp */ /* particle.cpp */ = {isa = PBXFileReference; lastKnownFileType = sourcecode.cpp.cpp; name = particle.cpp; path = ../../../DaisySP/Source/Noise/particle.cpp; sourceTree = SOURCE_ROOT; };
		BE433FBD1BD8E6541E64D096 /* granularplayer.cpp */ /* granularplayer.cpp */ = {isa = PBXFileReference; lastKnownFileType = sourcecode.cpp.cpp; name = granularplayer.cpp; path = ../../../DaisySP/Source/Sampling/granularplayer.cpp; sourceTree = SOURCE_ROOT; };
		BEC58C18DD89507922D14955 /* ParametersPage.h */ /* ParametersPage.h */ = {isa = PBXFileReference; lastKnownFileType = sourcecode.c.h; name = ParametersPage.h; path = ../../../JuicyDaisy/ParametersPage.h; sourceTree = SOURCE_ROOT; };
		BEF4B61C782FA6109B309243 /* fm2.cpp */ /* fm2.cpp */ = {isa = PBXFileReference; lastKnownFileType = sourcecode.cpp.cpp; name = fm2.cpp; path = ../../../DaisySP/Source/Synthesis/fm2.cpp; sourceTree = SOURCE_ROOT; };
		C030A12F0E2814E10090F2AB /* analogsnaredrum.h */ /* analogsnaredrum.h */ = {isa = PBXFileReference; lastKnownFileType = sourcecode.c.h; name = analogsnaredrum.h; path = ../../../DaisySP/Source/Drums/analogsnaredrum.h; sourceTree = SOURCE_ROOT; };
		C07D76D42C1A00FA5C73FD40 /* ProjectPage.cpp */ /* ProjectPage.cpp */ = {isa = PBXFileReference; lastKnownFileType = sourcecode.cpp.cpp; name = ProjectPage.cpp; path = ../../../JuicyDaisy/ProjectPage.cpp; sourceTree = SOURCE_ROOT; };
		C089E6A75B9EB444BA01F92E /* Parameter.cpp */ /* Parameter.cpp */ = {isa = PBXFileReference; lastKnownFileType = sourcecode.cpp.cpp; name = Parameter.cpp; path = ../../../DaisyYMNK/DSP/Parameter.cpp; sourceTree = SOURCE_ROOT; };
		C319A8F27BE0F167967BC178 /* TestModuleComponent.cpp */ /* TestModuleComponent.cpp */ = {isa = PBXFileReference; lastKnownFileType = sourcecode.cpp.cpp; name = TestModuleComponent.cpp; path = ../../../JuicyDaisy/TestModuleComponent.cpp; sourceTree = SOURCE_ROOT; };
		C3DC2C1CBF459F312BD19D67 /* dcblock.cpp */ /* dcblock.cpp */ = {isa = PBXFileReference; lastKnownFileType = sourcecode.cpp.cpp; name = dcblock.cpp; path = ../../../DaisySP/Source/Utility/dcblock.cpp; sourceTree = SOURCE_ROOT; };
		C480B9D8E67CB7F4850DBB17 /* decimator.h */ /* decimator.h */ = {isa = PBXFileReference; lastKnownFileType = sourcecode.c.h; name = decimator.h; path = ../../../DaisySP/Source/Effects/decimator.h; sourceTree = SOURCE_ROOT; };
		C4CBA0055188F6EA318AF48D /* hihat.cpp */ /* hihat.cpp */ = {isa = PBXFileReference; lastKnownFileType = sourcecode.cpp.cpp; name = hihat.cpp; path = ../../../DaisySP/Source/Drums/hihat.cpp; sourceTree = SOURCE_ROOT; };
		C4D4175F27FF833BCEE2D19E /* grainlet.h */ /* grainlet.h */ = {isa = PBXFileReference; lastKnownFileType = sourcecode.c.h; name = grainlet.h; path = ../../../DaisySP/Source/Noise/grainlet.h; sourceTree = SOURCE_ROOT; };
		C50A90197B8D184D1D302873 /* IOKit.framework */ /* IOKit.framework */ = {isa = PBXFileReference; lastKnownFileType = wrapper.framework; name = IOKit.framework; path = System/Library/Frameworks/IOKit.framework; sourceTree = SDKROOT; };
		C6F3ECBDFCD9CCB3CB4FDAA2 /* juce_gui_extra */ /* juce_gui_extra */ = {isa = PBXFileReference; lastKnownFileType = folder; name = juce_gui_extra; path = ../../../JuicyDaisy/JUCE/modules/juce_gui_extra; sourceTree = SOURCE_ROOT; };
		CA4AE92925BE8D7788EFB164 /* include_juce_graphics_Sheenbidi.c */ /* include_juce_graphics_Sheenbidi.c */ = {isa = PBXFileReference; lastKnownFileType = sourcecode.c.c; name = include_juce_graphics_Sheenbidi.c; path = ../../JuceLibraryCode/include_juce_graphics_Sheenbidi.c; sourceTree = SOURCE_ROOT; };
		CA4E7BBF589A0D0CFB10EAF4 /* include_juce_audio_utils.mm */ /* include_juce_audio_utils.mm */ = {isa = PBXFileReference; lastKnownFileType = sourcecode.cpp.objcpp; name = include_juce_audio_utils.mm; path = ../../JuceLibraryCode/include_juce_audio_utils.mm; sourceTree = SOURCE_ROOT; };
		CB63009D01369CF863D7787B /* daisysp.h */ /* daisysp.h */ = {isa = PBXFileReference; lastKnownFileType = sourcecode.c.h; name = daisysp.h; path = ../../../DaisySP/Source/daisysp.h; sourceTree = SOURCE_ROOT; };
		CB89EAEA0EA61B022262BC12 /* SynthVoice.h */ /* SynthVoice.h */ = {isa = PBXFileReference; lastKnownFileType = sourcecode.c.h; name = SynthVoice.h; path = ../../../Source/SynthVoice.h; sourceTree = SOURCE_ROOT; };
		CF819FF3F87F5F5F4691BEC9 /* sampleratereducer.cpp */ /* sampleratereducer.cpp */ = {isa = PBXFileReference; lastKnownFileType = sourcecode.cpp.cpp; name = sampleratereducer.cpp; path = ../../../DaisySP/Source/Effects/sampleratereducer.cpp; sourceTree = SOURCE_ROOT; };
		CFD26DFE6D1ABD1DABBBA8AB /* ParametersPage.cpp */ /* ParametersPage.cpp */ = {isa = PBXFileReference; lastKnownFileType = sourcecode.cpp.cpp; name = ParametersPage.cpp; path = ../../../JuicyDaisy/ParametersPage.cpp; sourceTree = SOURCE_ROOT; };
		D1A4B7809B29E1457905EC29 /* clockednoise.h */ /* clockednoise.h */ = {isa = PBXFileReference; lastKnownFileType = sourcecode.c.h; name = clockednoise.h; path = ../../../DaisySP/Source/Noise/clockednoise.h; sourceTree = SOURCE_ROOT; };
		D650777130131C220C173964 /* include_juce_audio_basics.mm */ /* include_juce_audio_basics.mm */ = {isa = PBXFileReference; lastKnownFileType = sourcecode.cpp.objcpp; name = include_juce_audio_basics.mm; path = ../../JuceLibraryCode/include_juce_audio_basics.mm; sourceTree = SOURCE_ROOT; };
		D6C4FB72D7DF2D8D5318EFCA /* synthsnaredrum.cpp */ /* synthsnaredrum.cpp */ = {isa = PBXFileReference; lastKnownFileType = sourcecode.cpp.cpp; name = synthsnaredrum.cpp; path = ../../../DaisySP/Source/Drums/synthsnaredrum.cpp; sourceTree = SOURCE_ROOT; };
		D6F14F97E8C092871E4908DF /* Lfo.h */ /* Lfo.h */ = {isa = PBXFileReference; lastKnownFileType = sourcecode.c.h; name = Lfo.h; path = ../../../Source/Lfo.h; sourceTree = SOURCE_ROOT; };
		D6F7C49947D30B1ECF6B30E0 /* crossfade.cpp */ /* crossfade.cpp */ = {isa = PBXFileReference; lastKnownFileType = sourcecode.cpp.cpp; name = crossfade.cpp; path = ../../../DaisySP/Source/Dynamics/crossfade.cpp; sourceTree = SOURCE_ROOT; };
		D6F9D956C56BE0EF4DDF317B /* resonator.cpp */ /* resonator.cpp */ = {isa = PBXFileReference; lastKnownFileType = sourcecode.cpp.cpp; name = resonator.cpp; path = ../../../DaisySP/Source/PhysicalModeling/resonator.cpp; sourceTree = SOURCE_ROOT; };
		D738D899BF7E9673F2BBF2E2 /* variableshapeosc.h */ /* variableshapeosc.h */ = {isa = PBXFileReference; lastKnownFileType = sourcecode.c.h; name = variableshapeosc.h; path = ../../../DaisySP/Source/Synthesis/variableshapeosc.h; sourceTree = SOURCE_ROOT; };
		D78DDAD64306FC5FAF1F52C4 /* WebKit.framework */ /* WebKit.framework */ = {isa = PBXFileReference; lastKnownFileType = wrapper.framework; name = WebKit.framework; path = System/Library/Frameworks/WebKit.framework; sourceTree = SDKROOT; };
		D7A6459FB45BC112BCD8DC42 /* autowah.cpp */ /* autowah.cpp */ = {isa = PBXFileReference; lastKnownFileType = sourcecode.cpp.cpp; name = autowah.cpp; path = ../../../DaisySP/Source/Effects/autowah.cpp; sourceTree = SOURCE_ROOT; };
		D8EDE718B007CC254B439BB5 /* soap.h */ /* soap.h */ = {isa = PBXFileReference; lastKnownFileType = sourcecode.c.h; name = soap.h; path = ../../../DaisySP/Source/Filters/soap.h; sourceTree = SOURCE_ROOT; };
		DA0EC5FE5F02E7A5CA8B89ED /* chorus.h */ /* chorus.h */ = {isa = PBXFileReference; lastKnownFileType = sourcecode.c.h; name = chorus.h; path = ../../../DaisySP/Source/Effects/chorus.h; sourceTree = SOURCE_ROOT; };
		DB866386B2C9DF65B7822549 /* vosim.h */ /* vosim.h */ = {isa = PBXFileReference; lastKnownFileType = sourcecode.c.h; name = vosim.h; path = ../../../DaisySP/Source/Synthesis/vosim.h; sourceTree = SOURCE_ROOT; };
		DBF045C178D095C4D034B91A /* juce_graphics */ /* juce_graphics */ = {isa = PBXFileReference; lastKnownFileType = folder; name = juce_graphics; path = ../../../JuicyDaisy/JUCE/modules/juce_graphics; sourceTree = SOURCE_ROOT; };
		DC88B82AAFDCA9C397D98170 /* DSPKernel.h */ /* DSPKernel.h */ = {isa = PBXFileReference; lastKnownFileType = sourcecode.c.h; name = DSPKernel.h; path = ../../../DaisyYMNK/DSP/DSPKernel.h; sourceTree = SOURCE_ROOT; };
		DCD41592B16BB4B334EBE4D8 /* juce_core */ /* juce_core */ = {isa = PBXFileReference; lastKnownFileType = folder; name = juce_core; path = ../../../JuicyDaisy/JUCE/modules/juce_core; sourceTree = SOURCE_ROOT; };
		DF19B1250D47E5EB0BE75709 /* Common.h */ /* Common.h */ = {isa = PBXFileReference; lastKnownFileType = sourcecode.c.h; name = Common.h; path = ../../../DaisyYMNK/Common/Common.h; sourceTree = SOURCE_ROOT; };
		DF4EDCC6847AAB1A413B8B48 /* include_juce_audio_devices.mm */ /* include_juce_audio_devices.mm */ = {isa = PBXFileReference; lastKnownFileType = sourcecode.cpp.objcpp; name = include_juce_audio_devices.mm; path = ../../JuceLibraryCode/include_juce_audio_devices.mm; sourceTree = SOURCE_ROOT; };
		DF590F0541996C4F69A89952 /* juce_gui_basics */ /* juce_gui_basics */ = {isa = PBXFileReference; lastKnownFileType = folder; name = juce_gui_basics; path = ../../../JuicyDaisy/JUCE/modules/juce_gui_basics; sourceTree = SOURCE_ROOT; };
		E128C21D7A2C1A856359FCFF /* AudioToolbox.framework */ /* AudioToolbox.framework */ = {isa = PBXFileReference; lastKnownFileType = wrapper.framework; name = AudioToolbox.framework; path = System/Library/Frameworks/AudioToolbox.framework; sourceTree = SDKROOT; };
		E57766E1151EA87DBDF02B1A /* wavefolder.cpp */ /* wavefolder.cpp */ = {isa = PBXFileReference; lastKnownFileType = sourcecode.cpp.cpp; name = wavefolder.cpp; path = ../../../DaisySP/Source/Effects/wavefolder.cpp; sourceTree = SOURCE_ROOT; };
		E5F8A584BB4CAB990D349ED8 /* FmAlgorithm.h */ /* FmAlgorithm.h */ = {isa = PBXFileReference; lastKnownFileType = sourcecode.c.h; name = FmAlgorithm.h; path = ../../../Source/FmAlgorithm.h; sourceTree = SOURCE_ROOT; };
		E81F717D472B684E6F7B634C /* phasor.cpp */ /* phasor.cpp */ = {isa = PBXFileReference; lastKnownFileType = sourcecode.cpp.cpp; name = phasor.cpp; path = ../../../DaisySP/Source/Control/phasor.cpp; sourceTree = SOURCE_ROOT; };
		EED03410BE3949A94D1140F9 /* limiter.cpp */ /* limiter.cpp */ = {isa = PBXFileReference; lastKnownFileType = sourcecode.cpp.cpp; name = limiter.cpp; path = ../../../DaisySP/Source/Dynamics/limiter.cpp; sourceTree = SOURCE_ROOT; };
		EEFB71DD74F4F57FEF79D8D9 /* crossfade.h */ /* crossfade.h */ = {isa = PBXFileReference; lastKnownFileType = sourcecode.c.h; name = crossfade.h; path = ../../../DaisySP/Source/Dynamics/crossfade.h; sourceTree = SOURCE_ROOT; };
		F0CE20E346BDF545B416E21D /* dsp.h */ /* dsp.h */ = {isa = PBXFileReference; lastKnownFileType = sourcecode.c.h; name = dsp.h; path = ../../../DaisySP/Source/Utility/dsp.h; sourceTree = SOURCE_ROOT; };
		F214A697D065AAA621041BAA /* include_juce_core_CompilationTime.cpp */ /* include_juce_core_CompilationTime.cpp */ = {isa = PBXFileReference; lastKnownFileType = sourcecode.cpp.cpp; name = include_juce_core_CompilationTime.cpp; path = ../../JuceLibraryCode/include_juce_core_CompilationTime.cpp; sourceTree = SOURCE_ROOT; };
		F39B0CCDDF2EE0EE6E9FF1FA /* clockednoise.cpp */ /* clockednoise.cpp */ = {isa = PBXFileReference; lastKnownFileType = sourcecode.cpp.cpp; name = clockednoise.cpp; path = ../../../DaisySP/Source/Noise/clockednoise.cpp; sourceTree = SOURCE_ROOT; };
		F46CE67778E1363F5E766E44 /* phaser.cpp */ /* phaser.cpp */ = {isa = PBXFileReference; lastKnownFileType = sourcecode.cpp.cpp; name = phaser.cpp; path = ../../../DaisySP/Source/Effects/phaser.cpp; sourceTree = SOURCE_ROOT; };
		F478C95EFD00F5798097B655 /* soap.cpp */ /* soap.cpp */ = {isa = PBXFileReference; lastKnownFileType = sourcecode.cpp.cpp; name = soap.cpp; path = ../../../DaisySP/Source/Filters/soap.cpp; sourceTree = SOURCE_ROOT; };
		F537F8023540B87B53311363 /* include_juce_graphics.mm */ /* include_juce_graphics.mm */ = {isa = PBXFileReference; lastKnownFileType = sourcecode.cpp.objcpp; name = include_juce_graphics.mm; path = ../../JuceLibraryCode/include_juce_graphics.mm; sourceTree = SOURCE_ROOT; };
		F646DA6926FF7C57793D3426 /* CoreAudio.framework */ /* CoreAudio.framework */ = {isa = PBXFileReference; lastKnownFileType = wrapper.framework; name = CoreAudio.framework; path = System/Library/Frameworks/CoreAudio.framework; sourceTree = SDKROOT; };
		F6CB50CD69E018747E2EDB18 /* adsr.h */ /* adsr.h */ = {isa = PBXFileReference; lastKnownFileType = sourcecode.c.h; name = adsr.h; path = ../../../DaisySP/Source/Control/adsr.h; sourceTree = SOURCE_ROOT; };
		F8D3C4499B49985734DCDBB9 /* juce_audio_processors */ /* juce_audio_processors */ = {isa = PBXFileReference; lastKnownFileType = folder; name = juce_audio_processors; path = ../../../JuicyDaisy/JUCE/modules/juce_audio_processors; sourceTree = SOURCE_ROOT; };
		F99A0A6C65FE37B3DEB880E5 /* App */ = {isa = PBXFileReference; explicitFileType = wrapper.application; includeInIndex = 0; path = PolyFM.app; sourceTree = BUILT_PRODUCTS_DIR; };
		FA24ADC68F731805FFDC8069 /* Main.cpp */ /* Main.cpp */ = {isa = PBXFileReference; lastKnownFileType = sourcecode.cpp.cpp; name = Main.cpp; path = ../../Source/Main.cpp; sourceTree = SOURCE_ROOT; };
		FD27A15B94AE20B4A0BD55FD /* decimator.cpp */ /* decimator.cpp */ = {isa = PBXFileReference; lastKnownFileType = sourcecode.cpp.cpp; name = decimator.cpp; path = ../../../DaisySP/Source/Effects/decimator.cpp; sourceTree = SOURCE_ROOT; };
		FE4E7981A5145DD26D768A46 /* granularplayer.h */ /* granularplayer.h */ = {isa = PBXFileReference; lastKnownFileType = sourcecode.c.h; name = granularplayer.h; path = ../../../DaisySP/Source/Sampling/granularplayer.h; sourceTree = SOURCE_ROOT; };
/* End PBXFileReference section */

/* Begin PBXFrameworksBuildPhase section */
		EB9BA28D501581163E5FD164 = {
			isa = PBXFrameworksBuildPhase;
			buildActionMask = 2147483647;
			files = (
				EADBDDCE0EEA000C70318C5C,
				8759BBBFA4456A660C9CC842,
				C12C4EFB40C9B051985DEB92,
				96E2882E6F6898FF913925BC,
				D3AE2B684E7D515B7E391B2D,
				D5A704AC2AF6AF61CB7512C2,
				69105A2E1DB527C5114575EA,
				300F57EFCAFF3C15778D7B4F,
				9318EB1D7EB58186B899B32D,
				23F92BB871E591C6AEDEDA02,
				9BB6F9512D8BB20C1A084857,
				DA561FAFC0A9D77A2B7D0669,
				0F8731CBC18BBF645AB5E4F4,
				639CB0361CAFFB44D4E30E70,
			);
			runOnlyForDeploymentPostprocessing = 0;
		};
/* End PBXFrameworksBuildPhase section */

/* Begin PBXGroup section */
		003E4EB93C40D59D0D64B3B6 /* DSP */ = {
			isa = PBXGroup;
			children = (
				BECF8E7D9C3D5EF107CE45D8,
				455D850F96BE2AC49CF47CF5,
				7BF47F1D0718F5DBE8BE28E4,
				DC88B82AAFDCA9C397D98170,
				23412A475520EFC2A0BE9BA3,
				0EE2960032949AF01F728001,
				A06F6E5803107C2258589B31,
				8DCF8E2239F8DC995432092E,
				34EDE1BE90E8399AA512E646,
				C089E6A75B9EB444BA01F92E,
				950004D1FC6901994266E8F7,
				6AF7AA1CDD3DD1BA225C9D5A,
				71CE56FC7388220312A1E197,
				71F3DD02458AF548E1FC741D,
				7D98F05CFB6061D618F279C1,
				9FBC8ED7F8ADEDBDA3E5D291,
			);
			name = DSP;
			sourceTree = "<group>";
		};
		0303EB495C89D376B5A3BCCE /* Filters */ = {
			isa = PBXGroup;
			children = (
				42428C01830D7D464B485CB4,
				036AAB8FDD000E4EF0E490DE,
				65B55403318445A2799FF898,
				A86D50D5DFEB9E3D2BAFAABF,
				F478C95EFD00F5798097B655,
				D8EDE718B007CC254B439BB5,
				8B648C1CEDEA54FD5C1CC51F,
				8DDE2EAFB1EDC7B7DEB9074B,
			);
			name = Filters;
			sourceTree = "<group>";
		};
		0DA1FD8DD7F4B7318577E1E5 /* Frameworks */ = {
			isa = PBXGroup;
			children = (
				B45AFD728180501E13FF6468,
				E128C21D7A2C1A856359FCFF,
				1C4BDAE804CEBCCD34E3C6A6,
				F646DA6926FF7C57793D3426,
				4ED16E10BFDD0F1C67C22422,
				983FE0AAB4F7F876B527583F,
				78304F142EEED01EF90D7335,
				5A47259DBE4E6DF803FA058D,
				C50A90197B8D184D1D302873,
				24E0DC9F67F9FF04649C3CF2,
				4F43CA6C1F42D9F786EB1B2F,
				D78DDAD64306FC5FAF1F52C4,
				5852EACDFBC7B930F0AEEE8E,
				174B7BB19CBC549BFE36401F,
			);
			name = Frameworks;
			sourceTree = "<group>";
		};
		11548306C0A6F3499CF6C20C /* Control */ = {
			isa = PBXGroup;
			children = (
				8C99323ECD1ECD3410CF1D50,
				1CBA4BBBEF8BF438CF03A2FF,
				3EDBDC7A46A8A78C08953943,
				F6CB50CD69E018747E2EDB18,
				E81F717D472B684E6F7B634C,
				46416BA492F2BE9CAE145DB3,
			);
			name = Control;
			sourceTree = "<group>";
		};
		1E2AE1676171117551374246 /* JUCE Library Code */ = {
			isa = PBXGroup;
			children = (
				D650777130131C220C173964,
				DF4EDCC6847AAB1A413B8B48,
				0110EE667581C196F76D6E30,
				A3F21799213CFC74913912F3,
				885CBA1D9F0C3DA34AFC006A,
				1156D019DBCFB5EF805BE9B7,
				CA4E7BBF589A0D0CFB10EAF4,
				4C9751A4FCE1AF249CC0C697,
				F214A697D065AAA621041BAA,
				7B3648B21F29EDEC9A6A0275,
				AC99F9E6AFB743285DE67F41,
				F537F8023540B87B53311363,
				B414D8C0865F184B1E7BFD27,
				CA4AE92925BE8D7788EFB164,
				AA529323DCD9EC166188BEB3,
				3567D69093AB9F9D0C96B6FF,
				7B466A318531ACF3A84740F9,
			);
			name = "JUCE Library Code";
			sourceTree = "<group>";
		};
		2FC715C7DA7345167E8AD240 /* Drums */ = {
			isa = PBXGroup;
			children = (
				62D4CB9661BF045C5E0DD112,
				4C101778E84E1036009B9F57,
				16FA6E44A7CEEA4D79631CD1,
				C030A12F0E2814E10090F2AB,
				C4CBA0055188F6EA318AF48D,
				04B9EADD3C45D012D0321C73,
				B035EDE027426DEE408C8DFB,
				2CCE685B947649AA62A21E77,
				D6C4FB72D7DF2D8D5318EFCA,
				B15B263275156F25AD96EC85,
			);
			name = Drums;
			sourceTree = "<group>";
		};
		369EC90BAD0ED99A33DA65BF /* Source */ = {
			isa = PBXGroup;
			children = (
				11AC800AA0379D29307D2993,
				D6F14F97E8C092871E4908DF,
				E5F8A584BB4CAB990D349ED8,
				7A76783C4603255297B678D8,
				0EDFBB794986826D906A1508,
				2D50FDF5401CE23B11B73286,
				A7E85B499A3B28285689A3F9,
				230F54BC15F1806B54FD8A9C,
				2A28698DF4C89DCF7DFC3E93,
				17FA8F83A82ED6F2FABF6723,
				CB89EAEA0EA61B022262BC12,
			);
			name = Source;
			sourceTree = "<group>";
		};
		36E8FD2E50571060B9F10733 /* Common */ = {
			isa = PBXGroup;
			children = (
				DF19B1250D47E5EB0BE75709,
				8D2495927E00723134745697,
				AC3858E3675791B3CF9757AB,
			);
			name = Common;
			sourceTree = "<group>";
		};
		3CD923B50CC69937EBDA76E4 /* Sampling */ = {
			isa = PBXGroup;
			children = (
				BE433FBD1BD8E6541E64D096,
				FE4E7981A5145DD26D768A46,
			);
			name = Sampling;
			sourceTree = "<group>";
		};
		414BC43F7BF6543C755FE710 /* Effects */ = {
			isa = PBXGroup;
			children = (
				D7A6459FB45BC112BCD8DC42,
				9EFB05D45C7F7D3E0B925A3E,
				5F9BDCEDB9D15A681E63E32C,
				DA0EC5FE5F02E7A5CA8B89ED,
				FD27A15B94AE20B4A0BD55FD,
				C480B9D8E67CB7F4850DBB17,
				785307D910DE84ADC40BFB83,
				21E3D7BC2373FE6C5C75EE2D,
				89F10542C0A4F32147F2B7CD,
				2CDA21D51B55DA3525C78411,
				F46CE67778E1363F5E766E44,
				700752CDA6CEF3EF2844BDD5,
				1ED70932E843DC156933B5C3,
				CF819FF3F87F5F5F4691BEC9,
				15C1D6E5D5732A79CC0EDEDE,
				656F8496843F6800172A5859,
				9151AD3CCD536D457AF68316,
				E57766E1151EA87DBDF02B1A,
				83903DC3F8AD8DB88EB331EE,
			);
			name = Effects;
			sourceTree = "<group>";
		};
		45BAB2EE0DC91C60B44561CF /* PolyFM */ = {
			isa = PBXGroup;
			children = (
				8F66B7813749B6779EF4A6F6,
				711604CB9A325D8F8AB19EB5,
				DDA2A02850E84D09DD20760A,
				6953DA428DE5C45C08AA9598,
				369EC90BAD0ED99A33DA65BF,
			);
			name = PolyFM;
			sourceTree = "<group>";
		};
		47DA4663812D4548CC473A7F /* Noise */ = {
			isa = PBXGroup;
			children = (
				F39B0CCDDF2EE0EE6E9FF1FA,
				D1A4B7809B29E1457905EC29,
				2454660C3550FB5FEF085BDC,
				415D7DE5CA326F3F6C43BCD2,
				0FEEC2C4214F08CBE00335CD,
				C4D4175F27FF833BCEE2D19E,
				B90EF8ACBC9C89135834F92C,
				2D38FA48201A5916B0B99B8B,
				7EA2462DEA369307BE3FCC1D,
			);
			name = Noise;
			sourceTree = "<group>";
		};
		5F90669E18A7351EA09E36CA /* Source */ = {
			isa = PBXGroup;
			children = (
				45BAB2EE0DC91C60B44561CF,
				BCF3863C0AF5957B6119BEBB,
				1E2AE1676171117551374246,
				D29D8E13BE878CC15A06DE8C,
				0DA1FD8DD7F4B7318577E1E5,
				E738D91F838D98F9106B733B,
			);
			name = Source;
			sourceTree = "<group>";
		};
		6953DA428DE5C45C08AA9598 /* DaisySP */ = {
			isa = PBXGroup;
			children = (
				11548306C0A6F3499CF6C20C,
				2FC715C7DA7345167E8AD240,
				B8A8F3F7E4D57B3ED1C2D44C,
				414BC43F7BF6543C755FE710,
				0303EB495C89D376B5A3BCCE,
				47DA4663812D4548CC473A7F,
				741CE984A2003066A7303456,
				3CD923B50CC69937EBDA76E4,
				C6159BC208AD2883F01CFB38,
				AC3E920F4967BEA7FCE8215B,
				CB63009D01369CF863D7787B,
			);
			name = DaisySP;
			sourceTree = "<group>";
		};
		711604CB9A325D8F8AB19EB5 /* JuicyDaisy */ = {
			isa = PBXGroup;
			children = (
				C319A8F27BE0F167967BC178,
				0B37471B62A5A47FED84BB4D,
				64C96B7D1D64BEC529D28482,
				2C5A92EAB40816632AF68D5A,
				CFD26DFE6D1ABD1DABBBA8AB,
				BEC58C18DD89507922D14955,
				C07D76D42C1A00FA5C73FD40,
				7691AFA4F661387949DAC5AD,
			);
			name = JuicyDaisy;
			sourceTree = "<group>";
		};
		741CE984A2003066A7303456 /* PhysicalModeling */ = {
			isa = PBXGroup;
			children = (
				1FBB94D8441D19059459E5E9,
				905F131B1BBC884A9959FE9E,
				38EB21ADC04F43327CE444F5,
				6B5F7953A4720666A9F98438,
				983818E211A42097EBBC71B1,
				54F116D3BA3F6FFAC5E68FF4,
				D6F9D956C56BE0EF4DDF317B,
				A522479E42CD1420844B7103,
				9221085BD26A27B822436664,
				5F62F9D0A7E10E9C5392CFCC,
			);
			name = PhysicalModeling;
			sourceTree = "<group>";
		};
		8F66B7813749B6779EF4A6F6 /* DaisyYMNK */ = {
			isa = PBXGroup;
			children = (
				36E8FD2E50571060B9F10733,
				003E4EB93C40D59D0D64B3B6,
			);
			name = DaisyYMNK;
			sourceTree = "<group>";
		};
		AC3E920F4967BEA7FCE8215B /* Utility */ = {
			isa = PBXGroup;
			children = (
				C3DC2C1CBF459F312BD19D67,
				0C6259637F2CFF0923455E5B,
				15DD5646476C89FED45C105B,
				F0CE20E346BDF545B416E21D,
				97BEC15BB1074FE002E5AC70,
				B1D2811F2B138AE5A438EBBD,
				4106BCE442744E2A1EB37FE0,
				87AD220327D4061130F7A7A9,
				26FF51E5C43A0E10DA808949,
				4E98CBC9D1BF092E7297F585,
			);
			name = Utility;
			sourceTree = "<group>";
		};
		B8A8F3F7E4D57B3ED1C2D44C /* Dynamics */ = {
			isa = PBXGroup;
			children = (
				D6F7C49947D30B1ECF6B30E0,
				EEFB71DD74F4F57FEF79D8D9,
				EED03410BE3949A94D1140F9,
				736D935B198B9BEEC076C9C9,
			);
			name = Dynamics;
			sourceTree = "<group>";
		};
		BCF3863C0AF5957B6119BEBB /* JUCE Modules */ = {
			isa = PBXGroup;
			children = (
				B21D7B2849B240E37E2663FA,
				41E199A55D8F0D0947A5197E,
				57C38E1856C090F70C083F5A,
				F8D3C4499B49985734DCDBB9,
				31D880567C7CF653A9DC932A,
				DCD41592B16BB4B334EBE4D8,
				00F5A0A53A880C15AE645EDF,
				B00F4DAF2B3768460F4D6D7F,
				DBF045C178D095C4D034B91A,
				DF590F0541996C4F69A89952,
				C6F3ECBDFCD9CCB3CB4FDAA2,
			);
			name = "JUCE Modules";
			sourceTree = "<group>";
		};
		BECF8E7D9C3D5EF107CE45D8 /* Env */ = {
			isa = PBXGroup;
			children = (
				5FC97268EDD00E84C810DA28,
			);
			name = Env;
			sourceTree = "<group>";
		};
		C6159BC208AD2883F01CFB38 /* Synthesis */ = {
			isa = PBXGroup;
			children = (
				BEF4B61C782FA6109B309243,
				2F94AF3264A0F99C8EB9AD26,
				8B41281C780A1DB4446CCB06,
				ABFC7C6C71EE30310D2D5E0E,
				9F94268B308E1E99A8485178,
				77C6A2F62ED7CA12EDFDE46A,
				0A69F69FD5D28D75648702D9,
				25EF7FCCE31A4243E3F9AE43,
				05BA9B95A4CF42EFAA95CB19,
				098989FF86E98C9EC8F64BBB,
				4A363246EF915E7282DF6E2F,
				9192018F5076ACB02F0E74AB,
				D738D899BF7E9673F2BBF2E2,
				7048B022ACC4C692567E20F4,
				DB866386B2C9DF65B7822549,
				66F73E8DD306EFE6EBFDC285,
				9F641F131D941760ADE69008,
			);
			name = Synthesis;
			sourceTree = "<group>";
		};
		D29D8E13BE878CC15A06DE8C /* Resources */ = {
			isa = PBXGroup;
			children = (
				A0AD68077AF97FEA9249A557,
				03223004C2D68C1FEF60FDCA,
			);
			name = Resources;
			sourceTree = "<group>";
		};
		DDA2A02850E84D09DD20760A /* Source */ = {
			isa = PBXGroup;
			children = (
				FA24ADC68F731805FFDC8069,
				A26AFEFFFFB7E0B4445BC71C,
				1D5BFA4912C6F517EA521151,
			);
			name = Source;
			sourceTree = "<group>";
		};
		E738D91F838D98F9106B733B /* Products */ = {
			isa = PBXGroup;
			children = (
				F99A0A6C65FE37B3DEB880E5,
			);
			name = Products;
			sourceTree = "<group>";
		};
/* End PBXGroup section */

/* Begin PBXNativeTarget section */
		95A5BA044F7B3FC58848D4B6 /* PolyFM - App */ = {
			isa = PBXNativeTarget;
			buildConfigurationList = 4A1F5BB1548B0EFA04FCFD24;
			buildPhases = (
				BFD6DB07E63FCEC929A67ED5,
				2C903E59D0F436F6E215A2AD,
				EB9BA28D501581163E5FD164,
			);
			buildRules = (
			);
			dependencies = (
			);
			name = "PolyFM - App";
			productName = PolyFM;
			productReference = F99A0A6C65FE37B3DEB880E5;
			productType = "com.apple.product-type.application";
		};
/* End PBXNativeTarget section */

/* Begin PBXProject section */
		3E857F91876EBBADD6532B01 = {
			isa = PBXProject;
			attributes = {
				BuildIndependentTargetsInParallel = YES;
				LastUpgradeCheck = 1340;
				ORGANIZATIONNAME = "";
				TargetAttributes = {
					95A5BA044F7B3FC58848D4B6 = {
						SystemCapabilities = {
							com.apple.ApplicationGroups.iOS = {
								enabled = 0;
							};
							com.apple.HardenedRuntime = {
								enabled = 0;
							};
							com.apple.InAppPurchase = {
								enabled = 0;
							};
							com.apple.InterAppAudio = {
								enabled = 0;
							};
							com.apple.Push = {
								enabled = 0;
							};
							com.apple.Sandbox = {
								enabled = 0;
							};
						};
					};
				};
			};
			buildConfigurationList = 62A6966F17D92925A5EDF9A0;
			compatibilityVersion = "Xcode 3.2";
			hasScannedForEncodings = 0;
			knownRegions = (
				en,
				Base,
			);
			mainGroup = 5F90669E18A7351EA09E36CA;
			projectDirPath = "";
			projectRoot = "";
			targets = (
				95A5BA044F7B3FC58848D4B6,
			);
		};
/* End PBXProject section */

/* Begin PBXResourcesBuildPhase section */
		BFD6DB07E63FCEC929A67ED5 = {
			isa = PBXResourcesBuildPhase;
			buildActionMask = 2147483647;
			files = (
				8D123F8442CAA01C4B154091,
			);
			runOnlyForDeploymentPostprocessing = 0;
		};
/* End PBXResourcesBuildPhase section */

/* Begin PBXSourcesBuildPhase section */
		2C903E59D0F436F6E215A2AD = {
			isa = PBXSourcesBuildPhase;
			buildActionMask = 2147483647;
			files = (
				75BA64A2AB57AECBE94B351C,
				BA3C60399FF4B7F0AB16181A,
				CDB3F0AA458115C10D38EC88,
				0FB144C16230168119C609BE,
				B7E6C90A7932706904081561,
				C43EDEABCFC47D33B19BE25B,
				5021A8708C8F7CAEF89ACCB1,
				7CBCF9935ED8F2D2D412243A,
				54E14EA948958FB874F2A074,
				859EFF5D8F76A6EB8ED4A9FB,
				7FE15AD7D17EC92A8A3D23D0,
				01927CDD045C8EB4C8717513,
				478859D8E10EF6DF67D4F752,
				C4922A27F3B01FC25D1C1F98,
				C9BFE555550CBC60BF994782,
				CABEA8CD6F73A32E898C5554,
				1FB5C483A6E1E230B773DEEF,
				CE4EF588F441761D3BF01C24,
				6052636F90246B9952F9828A,
				A5A9B82980D93E57DB8ABE88,
				99F233F4B3131D725D7FFC2E,
				FFAA263DDB1FC31189A99A57,
				34803F0CCBC178E1AE82472C,
				B6B310AAFA822DA9A23E449F,
				177939BB36AF356127E7BC94,
				81789F14BF6DBEC11748DA6F,
				2400E38D8F0F61F88D7523C1,
				16743DF3C6631F8F30374252,
				AA9F3BA7E266511606122A8E,
				052A6B6BE7061F87EA50A750,
				5DB243EDA274A1FBD7D64A55,
				6A91550C0894FB71737430A5,
				983AF4CA263285359D412171,
				8402393F10A51E18CE8B9EE2,
				67B475967FC30ABFDF33BB20,
				A44B71EDAD926827B43320A9,
				FC820406F392329E4430232A,
				A029D4B2B043AF32B2E15E54,
				07701C195496A5FA90895BD5,
				A3354A2F9527906557F40C0A,
				07ADBC41406017B0AAA70C5C,
				803EEDFBCFF07AFB3BB9AC24,
				F5CB880FE62296B5719B3B9F,
				778426C7B838A644877349C4,
				6AFD8A2D839109FBF1BA7CDD,
				AECE322BF3C369E0F568D48E,
				FA5E1EF3A0F03BF3D455BCD2,
				8487B18C4251D94A76924E4B,
				E6DB15A5A227C8C757F9DF3E,
				79AF0087CE4B0E19C23DD8B9,
				C7B0A68E273C2809EBF01F4A,
				45EEF9B332989904FD10C5D8,
				1A279B03DD5D00CF6974A0CA,
				F9DAFAD7D2CCA14C6F40D0A7,
				2D7615FFFA67147253A09180,
				E1DC0B41F7213971C6184BF3,
				5B26E3BCBA45C44D0FF554BA,
				31557FC1F63881C8C0102AB2,
				B71379487289ABDBDCA5458A,
				21AF9C1D86BD1D6A254AA25C,
				03B3D2EA01F11F30DBE0C91B,
				6FDC8B8E0802AC4DDC4375D9,
				01A37870316A62D50D0EB536,
				21470D94AA94D9F512884293,
				7B5F4FF624EF2FCD4AE96D0A,
				B5459B87B992F4A6F864432A,
				D9BE642EF69D97E694A09D2E,
				AB286F1BE61BDEAFDA86E543,
				A6A0C5B4EE9C37293458F1AF,
				EFA4BB2A2AF558D5E52CC5D9,
				D5B992225E58C142F1E35B5A,
				9D9494984B1C6F17A6E1C872,
			);
			runOnlyForDeploymentPostprocessing = 0;
		};
/* End PBXSourcesBuildPhase section */

/* Begin XCBuildConfiguration section */
		02E05AB962F366D19CE1518B /* Release */ = {
			isa = XCBuildConfiguration;
			buildSettings = {
				ALWAYS_SEARCH_USER_PATHS = NO;
				CLANG_ENABLE_OBJC_WEAK = YES;
				CLANG_WARN_BLOCK_CAPTURE_AUTORELEASING = YES;
				CLANG_WARN_BOOL_CONVERSION = YES;
				CLANG_WARN_COMMA = YES;
				CLANG_WARN_CONSTANT_CONVERSION = YES;
				CLANG_WARN_DEPRECATED_OBJC_IMPLEMENTATIONS = YES;
				CLANG_WARN_EMPTY_BODY = YES;
				CLANG_WARN_ENUM_CONVERSION = YES;
				CLANG_WARN_INFINITE_RECURSION = YES;
				CLANG_WARN_INT_CONVERSION = YES;
				CLANG_WARN_NON_LITERAL_NULL_CONVERSION = YES;
				CLANG_WARN_OBJC_IMPLICIT_RETAIN_SELF = YES;
				CLANG_WARN_OBJC_LITERAL_CONVERSION = YES;
				CLANG_WARN_RANGE_LOOP_ANALYSIS = YES;
				CLANG_WARN_STRICT_PROTOTYPES = YES;
				CLANG_WARN_SUSPICIOUS_MOVE = YES;
				CLANG_WARN_UNREACHABLE_CODE = YES;
				CLANG_WARN__DUPLICATE_METHOD_MATCH = YES;
				DEBUG_INFORMATION_FORMAT = dwarf;
				ENABLE_STRICT_OBJC_MSGSEND = YES;
				ENABLE_TESTABILITY = NO;
				GCC_C_LANGUAGE_STANDARD = c11;
				GCC_INLINES_ARE_PRIVATE_EXTERN = YES;
				GCC_MODEL_TUNING = G5;
				GCC_NO_COMMON_BLOCKS = YES;
				GCC_SYMBOLS_PRIVATE_EXTERN = YES;
				GCC_WARN_64_TO_32_BIT_CONVERSION = YES;
				GCC_WARN_ABOUT_RETURN_TYPE = YES;
				GCC_WARN_CHECK_SWITCH_STATEMENTS = YES;
				GCC_WARN_MISSING_PARENTHESES = YES;
				GCC_WARN_NON_VIRTUAL_DESTRUCTOR = YES;
				GCC_WARN_TYPECHECK_CALLS_TO_PRINTF = YES;
				GCC_WARN_UNDECLARED_SELECTOR = YES;
				GCC_WARN_UNINITIALIZED_AUTOS = YES;
				GCC_WARN_UNUSED_FUNCTION = YES;
				GCC_WARN_UNUSED_VARIABLE = YES;
				OTHER_CODE_SIGN_FLAGS = --timestamp;
				PRODUCT_NAME = "PolyFM";
				SDKROOT = macosx;
				WARNING_CFLAGS = "-Wreorder";
				ZERO_LINK = NO;
			};
			name = Release;
		};
		11EF261B8761ABDE0B53F980 /* Debug */ = {
			isa = XCBuildConfiguration;
			buildSettings = {
				CLANG_CXX_LANGUAGE_STANDARD = "c++17";
				CLANG_CXX_LIBRARY = "libc++";
				CLANG_LINK_OBJC_RUNTIME = NO;
				COMBINE_HIDPI_IMAGES = YES;
				CONFIGURATION_BUILD_DIR = "$(PROJECT_DIR)/build/$(CONFIGURATION)";
				COPY_PHASE_STRIP = NO;
				EXCLUDED_ARCHS = "";
				GCC_DYNAMIC_NO_PIC = NO;
				GCC_OPTIMIZATION_LEVEL = 0;
				GCC_PREPROCESSOR_DEFINITIONS = (
					"_DEBUG=1",
					"DEBUG=1",
					"JUCE_PROJUCER_VERSION=0x8000a",
					"JUCE_MODULE_AVAILABLE_juce_audio_basics=1",
					"JUCE_MODULE_AVAILABLE_juce_audio_devices=1",
					"JUCE_MODULE_AVAILABLE_juce_audio_formats=1",
					"JUCE_MODULE_AVAILABLE_juce_audio_processors=1",
					"JUCE_MODULE_AVAILABLE_juce_audio_utils=1",
					"JUCE_MODULE_AVAILABLE_juce_core=1",
					"JUCE_MODULE_AVAILABLE_juce_data_structures=1",
					"JUCE_MODULE_AVAILABLE_juce_events=1",
					"JUCE_MODULE_AVAILABLE_juce_graphics=1",
					"JUCE_MODULE_AVAILABLE_juce_gui_basics=1",
					"JUCE_MODULE_AVAILABLE_juce_gui_extra=1",
					"JUCE_GLOBAL_MODULE_SETTINGS_INCLUDED=1",
					"JUCE_STRICT_REFCOUNTEDPOINTER=1",
					"JUCE_STANDALONE_APPLICATION=1",
					"JUCER_XCODE_MAC_F6D2F4CF=1",
					"JUCE_APP_VERSION=1.0.0",
					"JUCE_APP_VERSION_HEX=0x10000",
					"JucePlugin_Build_VST=0",
					"JucePlugin_Build_VST3=0",
					"JucePlugin_Build_AU=0",
					"JucePlugin_Build_AUv3=0",
					"JucePlugin_Build_AAX=0",
					"JucePlugin_Build_Standalone=0",
					"JucePlugin_Build_Unity=0",
					"JucePlugin_Build_LV2=0",
				);
				GCC_VERSION = com.apple.compilers.llvm.clang.1_0;
				HEADER_SEARCH_PATHS = (
					"$(SRCROOT)/../../JuceLibraryCode",
					"$(SRCROOT)/../../../JuicyDaisy/JUCE/modules",
					"$(inherited)",
				);
				INFOPLIST_FILE = Info-App.plist;
				INFOPLIST_PREPROCESS = NO;
				INSTALL_PATH = "$(HOME)/Applications";
				MACOSX_DEPLOYMENT_TARGET = 10.13;
				MTL_HEADER_SEARCH_PATHS = "$(SRCROOT)/../../JuceLibraryCode $(SRCROOT)/../../../JuicyDaisy/JUCE/modules";
				OTHER_CFLAGS = "-I$(PROJECT_DIR)/../../../JuicyDaisy -I$(PROJECT_DIR)/../../../ -I$(PROJECT_DIR)/../../../Source -I$(PROJECT_DIR)/../../../DaisySP/Source/Utility/  -I$(PROJECT_DIR)/../../../DaisySP/Source/";
				OTHER_CPLUSPLUSFLAGS = "-I$(PROJECT_DIR)/../../../JuicyDaisy -I$(PROJECT_DIR)/../../../ -I$(PROJECT_DIR)/../../../Source -I$(PROJECT_DIR)/../../../DaisySP/Source/Utility/  -I$(PROJECT_DIR)/../../../DaisySP/Source/";
				PRODUCT_BUNDLE_IDENTIFIER = com.yourcompany.PolyFM;
				PRODUCT_NAME = "PolyFM";
				USE_HEADERMAP = NO;
				VALID_ARCHS = "i386 x86_64 arm64 arm64e";
			};
			name = Debug;
		};
		3F6AAE25B4FD0E4C4EEA057D /* Debug */ = {
			isa = XCBuildConfiguration;
			buildSettings = {
				ALWAYS_SEARCH_USER_PATHS = NO;
				CLANG_ENABLE_OBJC_WEAK = YES;
				CLANG_WARN_BLOCK_CAPTURE_AUTORELEASING = YES;
				CLANG_WARN_BOOL_CONVERSION = YES;
				CLANG_WARN_COMMA = YES;
				CLANG_WARN_CONSTANT_CONVERSION = YES;
				CLANG_WARN_DEPRECATED_OBJC_IMPLEMENTATIONS = YES;
				CLANG_WARN_EMPTY_BODY = YES;
				CLANG_WARN_ENUM_CONVERSION = YES;
				CLANG_WARN_INFINITE_RECURSION = YES;
				CLANG_WARN_INT_CONVERSION = YES;
				CLANG_WARN_NON_LITERAL_NULL_CONVERSION = YES;
				CLANG_WARN_OBJC_IMPLICIT_RETAIN_SELF = YES;
				CLANG_WARN_OBJC_LITERAL_CONVERSION = YES;
				CLANG_WARN_RANGE_LOOP_ANALYSIS = YES;
				CLANG_WARN_STRICT_PROTOTYPES = YES;
				CLANG_WARN_SUSPICIOUS_MOVE = YES;
				CLANG_WARN_UNREACHABLE_CODE = YES;
				CLANG_WARN__DUPLICATE_METHOD_MATCH = YES;
				DEBUG_INFORMATION_FORMAT = dwarf;
				ENABLE_STRICT_OBJC_MSGSEND = YES;
				ENABLE_TESTABILITY = NO;
				GCC_C_LANGUAGE_STANDARD = c11;
				GCC_INLINES_ARE_PRIVATE_EXTERN = YES;
				GCC_MODEL_TUNING = G5;
				GCC_NO_COMMON_BLOCKS = YES;
				GCC_SYMBOLS_PRIVATE_EXTERN = YES;
				GCC_WARN_64_TO_32_BIT_CONVERSION = YES;
				GCC_WARN_ABOUT_RETURN_TYPE = YES;
				GCC_WARN_CHECK_SWITCH_STATEMENTS = YES;
				GCC_WARN_MISSING_PARENTHESES = YES;
				GCC_WARN_NON_VIRTUAL_DESTRUCTOR = YES;
				GCC_WARN_TYPECHECK_CALLS_TO_PRINTF = YES;
				GCC_WARN_UNDECLARED_SELECTOR = YES;
				GCC_WARN_UNINITIALIZED_AUTOS = YES;
				GCC_WARN_UNUSED_FUNCTION = YES;
				GCC_WARN_UNUSED_VARIABLE = YES;
				ONLY_ACTIVE_ARCH = YES;
				OTHER_CODE_SIGN_FLAGS = --timestamp;
				PRODUCT_NAME = "PolyFM";
				SDKROOT = macosx;
				WARNING_CFLAGS = "-Wreorder";
				ZERO_LINK = NO;
			};
			name = Debug;
		};
		DED009588CB9D209147F59F0 /* Release */ = {
			isa = XCBuildConfiguration;
			buildSettings = {
				CLANG_CXX_LANGUAGE_STANDARD = "c++17";
				CLANG_CXX_LIBRARY = "libc++";
				CLANG_LINK_OBJC_RUNTIME = NO;
				COMBINE_HIDPI_IMAGES = YES;
				CONFIGURATION_BUILD_DIR = "$(PROJECT_DIR)/build/$(CONFIGURATION)";
				DEAD_CODE_STRIPPING = YES;
				EXCLUDED_ARCHS = "";
				GCC_GENERATE_DEBUGGING_SYMBOLS = NO;
				GCC_OPTIMIZATION_LEVEL = 3;
				GCC_PREPROCESSOR_DEFINITIONS = (
					"_NDEBUG=1",
					"NDEBUG=1",
					"JUCE_PROJUCER_VERSION=0x8000a",
					"JUCE_MODULE_AVAILABLE_juce_audio_basics=1",
					"JUCE_MODULE_AVAILABLE_juce_audio_devices=1",
					"JUCE_MODULE_AVAILABLE_juce_audio_formats=1",
					"JUCE_MODULE_AVAILABLE_juce_audio_processors=1",
					"JUCE_MODULE_AVAILABLE_juce_audio_utils=1",
					"JUCE_MODULE_AVAILABLE_juce_core=1",
					"JUCE_MODULE_AVAILABLE_juce_data_structures=1",
					"JUCE_MODULE_AVAILABLE_juce_events=1",
					"JUCE_MODULE_AVAILABLE_juce_graphics=1",
					"JUCE_MODULE_AVAILABLE_juce_gui_basics=1",
					"JUCE_MODULE_AVAILABLE_juce_gui_extra=1",
					"JUCE_GLOBAL_MODULE_SETTINGS_INCLUDED=1",
					"JUCE_STRICT_REFCOUNTEDPOINTER=1",
					"JUCE_STANDALONE_APPLICATION=1",
					"JUCER_XCODE_MAC_F6D2F4CF=1",
					"JUCE_APP_VERSION=1.0.0",
					"JUCE_APP_VERSION_HEX=0x10000",
					"JucePlugin_Build_VST=0",
					"JucePlugin_Build_VST3=0",
					"JucePlugin_Build_AU=0",
					"JucePlugin_Build_AUv3=0",
					"JucePlugin_Build_AAX=0",
					"JucePlugin_Build_Standalone=0",
					"JucePlugin_Build_Unity=0",
					"JucePlugin_Build_LV2=0",
				);
				GCC_VERSION = com.apple.compilers.llvm.clang.1_0;
				HEADER_SEARCH_PATHS = (
					"$(SRCROOT)/../../JuceLibraryCode",
					"$(SRCROOT)/../../../JuicyDaisy/JUCE/modules",
					"$(inherited)",
				);
				INFOPLIST_FILE = Info-App.plist;
				INFOPLIST_PREPROCESS = NO;
				INSTALL_PATH = "$(HOME)/Applications";
				LLVM_LTO = YES;
				MACOSX_DEPLOYMENT_TARGET = 10.13;
				MTL_HEADER_SEARCH_PATHS = "$(SRCROOT)/../../JuceLibraryCode $(SRCROOT)/../../../JuicyDaisy/JUCE/modules";
				OTHER_CFLAGS = "-I$(PROJECT_DIR)/../../../JuicyDaisy -I$(PROJECT_DIR)/../../../ -I$(PROJECT_DIR)/../../../Source -I$(PROJECT_DIR)/../../../DaisySP/Source/Utility/  -I$(PROJECT_DIR)/../../../DaisySP/Source/";
				OTHER_CPLUSPLUSFLAGS = "-I$(PROJECT_DIR)/../../../JuicyDaisy -I$(PROJECT_DIR)/../../../ -I$(PROJECT_DIR)/../../../Source -I$(PROJECT_DIR)/../../../DaisySP/Source/Utility/  -I$(PROJECT_DIR)/../../../DaisySP/Source/";
				PRODUCT_BUNDLE_IDENTIFIER = com.yourcompany.PolyFM;
				PRODUCT_NAME = "PolyFM";
				USE_HEADERMAP = NO;
				VALID_ARCHS = "i386 x86_64 arm64 arm64e";
			};
			name = Release;
		};
/* End XCBuildConfiguration section */

/* Begin XCConfigurationList section */
		4A1F5BB1548B0EFA04FCFD24 = {
			isa = XCConfigurationList;
			buildConfigurations = (
				11EF261B8761ABDE0B53F980,
				DED009588CB9D209147F59F0,
			);
			defaultConfigurationIsVisible = 0;
			defaultConfigurationName = Debug;
		};
		62A6966F17D92925A5EDF9A0 = {
			isa = XCConfigurationList;
			buildConfigurations = (
				02E05AB962F366D19CE1518B,
				3F6AAE25B4FD0E4C4EEA057D,
			);
			defaultConfigurationIsVisible = 0;
			defaultConfigurationName = Debug;
		};
/* End XCConfigurationList section */
	};
	rootObject = 3E857F91876EBBADD6532B01 /* Project object */;
}
